// !$*UTF8*$!
{
	archiveVersion = 1;
	classes = {
	};
	objectVersion = 56;
	objects = {

/* Begin PBXBuildFile section */
		38E5C6CE2A28720F0091E300 /* map_pinup_custom@3x.png in Resources */ = {isa = PBXBuildFile; fileRef = 38E5C6A92A28720F0091E300 /* map_pinup_custom@3x.png */; };
		38E5C6CF2A28720F0091E300 /* map_pin_custom.png in Resources */ = {isa = PBXBuildFile; fileRef = 38E5C6AA2A28720F0091E300 /* map_pin_custom.png */; };
		38E5C6D02A28720F0091E300 /* shadow_balloon.png in Resources */ = {isa = PBXBuildFile; fileRef = 38E5C6AB2A28720F0091E300 /* shadow_balloon.png */; };
		38E5C6D12A28720F0091E300 /* map_pinup.png in Resources */ = {isa = PBXBuildFile; fileRef = 38E5C6AC2A28720F0091E300 /* map_pinup.png */; };
		38E5C6D22A28720F0091E300 /* detail_button.png in Resources */ = {isa = PBXBuildFile; fileRef = 38E5C6AD2A28720F0091E300 /* detail_button.png */; };
		38E5C6D32A28720F0091E300 /* map_pin_custom@3x.png in Resources */ = {isa = PBXBuildFile; fileRef = 38E5C6AE2A28720F0091E300 /* map_pin_custom@3x.png */; };
		38E5C6D42A28720F0091E300 /* map_pinup@3x.png in Resources */ = {isa = PBXBuildFile; fileRef = 38E5C6AF2A28720F0091E300 /* map_pinup@3x.png */; };
		38E5C6D52A28720F0091E300 /* map_pin_shadow@3x.png in Resources */ = {isa = PBXBuildFile; fileRef = 38E5C6B02A28720F0091E300 /* map_pin_shadow@3x.png */; };
		38E5C6D62A28720F0091E300 /* copyright.png in Resources */ = {isa = PBXBuildFile; fileRef = 38E5C6B12A28720F0091E300 /* copyright.png */; };
		38E5C6D72A28720F0091E300 /* th_line.png in Resources */ = {isa = PBXBuildFile; fileRef = 38E5C6B22A28720F0091E300 /* th_line.png */; };
		38E5C6D82A28720F0091E300 /* map_pin_red@3x.png in Resources */ = {isa = PBXBuildFile; fileRef = 38E5C6B32A28720F0091E300 /* map_pin_red@3x.png */; };
		38E5C6D92A28720F0091E300 /* daum_copyright.png in Resources */ = {isa = PBXBuildFile; fileRef = 38E5C6B42A28720F0091E300 /* daum_copyright.png */; };
		38E5C6DA2A28720F0091E300 /* map_pin@3x.png in Resources */ = {isa = PBXBuildFile; fileRef = 38E5C6B52A28720F0091E300 /* map_pin@3x.png */; };
		38E5C6DB2A28720F0091E300 /* map_present_tracking.png in Resources */ = {isa = PBXBuildFile; fileRef = 38E5C6B62A28720F0091E300 /* map_present_tracking.png */; };
		38E5C6DC2A28720F0091E300 /* map_pin_red.png in Resources */ = {isa = PBXBuildFile; fileRef = 38E5C6B72A28720F0091E300 /* map_pin_red.png */; };
		38E5C6DD2A28720F0091E300 /* info_box.png in Resources */ = {isa = PBXBuildFile; fileRef = 38E5C6C12A28720F0091E300 /* info_box.png */; };
		38E5C6DE2A28720F0091E300 /* point_sprite.png in Resources */ = {isa = PBXBuildFile; fileRef = 38E5C6C22A28720F0091E300 /* point_sprite.png */; };
		38E5C6DF2A28720F0091E300 /* map_pinup_custom.png in Resources */ = {isa = PBXBuildFile; fileRef = 38E5C6C32A28720F0091E300 /* map_pinup_custom.png */; };
		38E5C6E02A28720F0091E300 /* info_box_tail.png in Resources */ = {isa = PBXBuildFile; fileRef = 38E5C6C42A28720F0091E300 /* info_box_tail.png */; };
		38E5C6E12A28720F0091E300 /* noimage256.png in Resources */ = {isa = PBXBuildFile; fileRef = 38E5C6C52A28720F0091E300 /* noimage256.png */; };
		38E5C6E22A28720F0091E300 /* map_present_direction.png in Resources */ = {isa = PBXBuildFile; fileRef = 38E5C6C62A28720F0091E300 /* map_present_direction.png */; };
		38E5C6E32A28720F0091E300 /* map_pin.png in Resources */ = {isa = PBXBuildFile; fileRef = 38E5C6C72A28720F0091E300 /* map_pin.png */; };
		38E5C6E42A28720F0091E300 /* map_present.png in Resources */ = {isa = PBXBuildFile; fileRef = 38E5C6C82A28720F0091E300 /* map_present.png */; };
		38E5C6E52A28720F0091E300 /* noimage.png in Resources */ = {isa = PBXBuildFile; fileRef = 38E5C6C92A28720F0091E300 /* noimage.png */; };
		38E5C6E62A28720F0091E300 /* map_present_background_update.png in Resources */ = {isa = PBXBuildFile; fileRef = 38E5C6CA2A28720F0091E300 /* map_present_background_update.png */; };
		38E5C6E72A28720F0091E300 /* daum_th_line.png in Resources */ = {isa = PBXBuildFile; fileRef = 38E5C6CB2A28720F0091E300 /* daum_th_line.png */; };
		38E5C6E82A28720F0091E300 /* map_pin_shadow.png in Resources */ = {isa = PBXBuildFile; fileRef = 38E5C6CC2A28720F0091E300 /* map_pin_shadow.png */; };
		38E5C6E92A28720F0091E300 /* DaumMap.framework in Frameworks */ = {isa = PBXBuildFile; fileRef = 38E5C6CD2A28720F0091E300 /* DaumMap.framework */; };
		38E5C6EC2A2879810091E300 /* CoreLocation.framework in Frameworks */ = {isa = PBXBuildFile; fileRef = 38E5C6EB2A2879810091E300 /* CoreLocation.framework */; };
		38E5C6EE2A2879920091E300 /* Metal.framework in Frameworks */ = {isa = PBXBuildFile; fileRef = 38E5C6ED2A2879920091E300 /* Metal.framework */; };
		38E5C6F02A28799D0091E300 /* QuartzCore.framework in Frameworks */ = {isa = PBXBuildFile; fileRef = 38E5C6EF2A28799D0091E300 /* QuartzCore.framework */; };
		38E5C6F22A2879AA0091E300 /* SystemConfiguration.framework in Frameworks */ = {isa = PBXBuildFile; fileRef = 38E5C6F12A2879A90091E300 /* SystemConfiguration.framework */; };
		38E5C6F42A2879C00091E300 /* libc++.tbd in Frameworks */ = {isa = PBXBuildFile; fileRef = 38E5C6F32A2879B50091E300 /* libc++.tbd */; };
		38E5C6F62A2879D60091E300 /* libsqlite3.tbd in Frameworks */ = {isa = PBXBuildFile; fileRef = 38E5C6F52A2879CC0091E300 /* libsqlite3.tbd */; };
		38E5C6F82A2879EA0091E300 /* libxml2.tbd in Frameworks */ = {isa = PBXBuildFile; fileRef = 38E5C6F72A2879E00091E300 /* libxml2.tbd */; };
		38E5C6FB2A2883170091E300 /* MapVC.swift in Sources */ = {isa = PBXBuildFile; fileRef = 38E5C6FA2A2883170091E300 /* MapVC.swift */; };
		9A094BB82A2DC3110065FF52 /* MyPageVC.swift in Sources */ = {isa = PBXBuildFile; fileRef = 9A094BB72A2DC3110065FF52 /* MyPageVC.swift */; };
		9A094BBE2A2F20AB0065FF52 /* AnimalBoardTableViewCell.swift in Sources */ = {isa = PBXBuildFile; fileRef = 9A094BBD2A2F20AB0065FF52 /* AnimalBoardTableViewCell.swift */; };
		9A1EE25E2A29051A00AA1549 /* SwiftyJSON in Frameworks */ = {isa = PBXBuildFile; productRef = 9A1EE25D2A29051A00AA1549 /* SwiftyJSON */; };
		9A1EF5662A29FA1A00261F7A /* NfcTagVC.swift in Sources */ = {isa = PBXBuildFile; fileRef = 9A1EF5652A29FA1A00261F7A /* NfcTagVC.swift */; };
		9A1EF5682A29FB2800261F7A /* nfc-signal.json in Resources */ = {isa = PBXBuildFile; fileRef = 9A1EF5672A29FB2800261F7A /* nfc-signal.json */; };
		9A24D6C32A1F3A33006759E3 /* LoginSB.storyboard in Resources */ = {isa = PBXBuildFile; fileRef = 9A24D6C22A1F3A33006759E3 /* LoginSB.storyboard */; };
		9A24D6C82A1F3B4F006759E3 /* LoginMainVC.swift in Sources */ = {isa = PBXBuildFile; fileRef = 9A24D6C72A1F3B4F006759E3 /* LoginMainVC.swift */; };
		9A24D6CD2A1F4830006759E3 /* catAndWire.json in Resources */ = {isa = PBXBuildFile; fileRef = 9A24D6CC2A1F4830006759E3 /* catAndWire.json */; };
		9A24D6D12A20A7B0006759E3 /* loading-burst.json in Resources */ = {isa = PBXBuildFile; fileRef = 9A24D6D02A20A7AF006759E3 /* loading-burst.json */; };
		9A3332232A27481C0057215A /* Data.xcdatamodeld in Sources */ = {isa = PBXBuildFile; fileRef = 9A3332212A27481C0057215A /* Data.xcdatamodeld */; };
		9A3332252A28A6A60057215A /* UserInfo.swift in Sources */ = {isa = PBXBuildFile; fileRef = 9A3332242A28A6A60057215A /* UserInfo.swift */; };
		9A492DF22A265A8600836814 /* LoginVC.swift in Sources */ = {isa = PBXBuildFile; fileRef = 9A492DF12A265A8600836814 /* LoginVC.swift */; };
		9A4DF7E32A29DB13001BADF8 /* Lottie in Frameworks */ = {isa = PBXBuildFile; productRef = 9A4DF7E22A29DB13001BADF8 /* Lottie */; };
		9A4DF7E62A29DB22001BADF8 /* Alamofire in Frameworks */ = {isa = PBXBuildFile; productRef = 9A4DF7E52A29DB22001BADF8 /* Alamofire */; };
		9A7776552A2F60EB0016240E /* Secrets.plist in Resources */ = {isa = PBXBuildFile; fileRef = 9A7776542A2F60EB0016240E /* Secrets.plist */; };
		9A7776572A2F618C0016240E /* Bundle.swift in Sources */ = {isa = PBXBuildFile; fileRef = 9A7776562A2F618C0016240E /* Bundle.swift */; };
		9A7776592A2FB8FD0016240E /* Animal.swift in Sources */ = {isa = PBXBuildFile; fileRef = 9A7776582A2FB8FD0016240E /* Animal.swift */; };
		9A77765B2A2FB9290016240E /* CustomColor.swift in Sources */ = {isa = PBXBuildFile; fileRef = 9A77765A2A2FB9290016240E /* CustomColor.swift */; };
		9A92B0302A3049180030415F /* AnimalBoardDetailVC.swift in Sources */ = {isa = PBXBuildFile; fileRef = 9A92B02F2A3049180030415F /* AnimalBoardDetailVC.swift */; };
		9A9C1C7029EFEC0F002E972A /* AppDelegate.swift in Sources */ = {isa = PBXBuildFile; fileRef = 9A9C1C6F29EFEC0F002E972A /* AppDelegate.swift */; };
		9A9C1C7229EFEC0F002E972A /* SceneDelegate.swift in Sources */ = {isa = PBXBuildFile; fileRef = 9A9C1C7129EFEC0F002E972A /* SceneDelegate.swift */; };
		9A9C1C7429EFEC0F002E972A /* AnimalBoardVC.swift in Sources */ = {isa = PBXBuildFile; fileRef = 9A9C1C7329EFEC0F002E972A /* AnimalBoardVC.swift */; };
		9A9C1C7729EFEC0F002E972A /* Main.storyboard in Resources */ = {isa = PBXBuildFile; fileRef = 9A9C1C7529EFEC0F002E972A /* Main.storyboard */; };
		9A9C1C7929EFEC10002E972A /* Assets.xcassets in Resources */ = {isa = PBXBuildFile; fileRef = 9A9C1C7829EFEC10002E972A /* Assets.xcassets */; };
		9A9C1C7C29EFEC10002E972A /* LaunchScreen.storyboard in Resources */ = {isa = PBXBuildFile; fileRef = 9A9C1C7A29EFEC10002E972A /* LaunchScreen.storyboard */; };
		9AC0C5932A24D6F800ECA612 /* RegisterVC.swift in Sources */ = {isa = PBXBuildFile; fileRef = 9AC0C5922A24D6F800ECA612 /* RegisterVC.swift */; };
		9AC0C5952A24D72800ECA612 /* FieldAnimation.swift in Sources */ = {isa = PBXBuildFile; fileRef = 9AC0C5942A24D72800ECA612 /* FieldAnimation.swift */; };
		9ACFE9ED2A33A1E500AC81BA /* FirebaseAuth in Frameworks */ = {isa = PBXBuildFile; productRef = 9ACFE9EC2A33A1E500AC81BA /* FirebaseAuth */; };
		9ACFE9EF2A33A1E500AC81BA /* FirebaseFirestore in Frameworks */ = {isa = PBXBuildFile; productRef = 9ACFE9EE2A33A1E500AC81BA /* FirebaseFirestore */; };
		9ACFE9F12A33A1E500AC81BA /* FirebaseFirestoreSwift in Frameworks */ = {isa = PBXBuildFile; productRef = 9ACFE9F02A33A1E500AC81BA /* FirebaseFirestoreSwift */; };
		9ACFE9F32A33A1E500AC81BA /* FirebaseStorage in Frameworks */ = {isa = PBXBuildFile; productRef = 9ACFE9F22A33A1E500AC81BA /* FirebaseStorage */; };
		9ACFE9F62A33A1FF00AC81BA /* SnapKit in Frameworks */ = {isa = PBXBuildFile; productRef = 9ACFE9F52A33A1FF00AC81BA /* SnapKit */; };
		9ACFE9F92A33A29500AC81BA /* ChatVC.swift in Sources */ = {isa = PBXBuildFile; fileRef = 9ACFE9F72A33A29500AC81BA /* ChatVC.swift */; };
		9ACFE9FA2A33A29500AC81BA /* ChannelVC.swift in Sources */ = {isa = PBXBuildFile; fileRef = 9ACFE9F82A33A29500AC81BA /* ChannelVC.swift */; };
		9ACFEA042A33A33E00AC81BA /* BaseViewController.swift in Sources */ = {isa = PBXBuildFile; fileRef = 9ACFEA002A33A33E00AC81BA /* BaseViewController.swift */; };
		9ACFEA052A33A33E00AC81BA /* BaseNavigationController.swift in Sources */ = {isa = PBXBuildFile; fileRef = 9ACFEA012A33A33E00AC81BA /* BaseNavigationController.swift */; };
		9ACFEA062A33A33E00AC81BA /* FirebaseStorageManager.swift in Sources */ = {isa = PBXBuildFile; fileRef = 9ACFEA022A33A33E00AC81BA /* FirebaseStorageManager.swift */; };
		9ACFEA0A2A33A38600AC81BA /* UIColor.swift in Sources */ = {isa = PBXBuildFile; fileRef = 9ACFEA072A33A38600AC81BA /* UIColor.swift */; };
		9ACFEA0B2A33A38600AC81BA /* UIImage.swift in Sources */ = {isa = PBXBuildFile; fileRef = 9ACFEA082A33A38600AC81BA /* UIImage.swift */; };
		9ACFEA0C2A33A38600AC81BA /* NSObject.swift in Sources */ = {isa = PBXBuildFile; fileRef = 9ACFEA092A33A38600AC81BA /* NSObject.swift */; };
		9ACFEA142A33A3E800AC81BA /* StreamError.swift in Sources */ = {isa = PBXBuildFile; fileRef = 9ACFEA0D2A33A3E800AC81BA /* StreamError.swift */; };
		9ACFEA152A33A3E800AC81BA /* ImageMediaItem.swift in Sources */ = {isa = PBXBuildFile; fileRef = 9ACFEA0E2A33A3E800AC81BA /* ImageMediaItem.swift */; };
		9ACFEA162A33A3E800AC81BA /* DatabaseRepresentation.swift in Sources */ = {isa = PBXBuildFile; fileRef = 9ACFEA0F2A33A3E800AC81BA /* DatabaseRepresentation.swift */; };
		9ACFEA172A33A3E800AC81BA /* ChatFirestoreStream.swift in Sources */ = {isa = PBXBuildFile; fileRef = 9ACFEA102A33A3E800AC81BA /* ChatFirestoreStream.swift */; };
		9ACFEA182A33A3E800AC81BA /* Channel.swift in Sources */ = {isa = PBXBuildFile; fileRef = 9ACFEA112A33A3E800AC81BA /* Channel.swift */; };
		9ACFEA192A33A3E800AC81BA /* Message.swift in Sources */ = {isa = PBXBuildFile; fileRef = 9ACFEA122A33A3E800AC81BA /* Message.swift */; };
		9ACFEA1A2A33A3E800AC81BA /* ChannelFirestoreStream.swift in Sources */ = {isa = PBXBuildFile; fileRef = 9ACFEA132A33A3E800AC81BA /* ChannelFirestoreStream.swift */; };
		9ACFEA1C2A33A43A00AC81BA /* ChannelTableViewCell.swift in Sources */ = {isa = PBXBuildFile; fileRef = 9ACFEA1B2A33A43900AC81BA /* ChannelTableViewCell.swift */; };
		9ACFEA212A33ACA100AC81BA /* Sender.swift in Sources */ = {isa = PBXBuildFile; fileRef = 9ACFEA202A33ACA100AC81BA /* Sender.swift */; };
		9ACFEA242A33B07800AC81BA /* MessageKit in Frameworks */ = {isa = PBXBuildFile; productRef = 9ACFEA232A33B07800AC81BA /* MessageKit */; };
		9ACFEA262A33B35500AC81BA /* GoogleService-Info.plist in Resources */ = {isa = PBXBuildFile; fileRef = 9ACFEA252A33B35500AC81BA /* GoogleService-Info.plist */; };
		9ADCF1982A308C3600E71ED9 /* AnimalRegisterVC.swift in Sources */ = {isa = PBXBuildFile; fileRef = 9ADCF1972A308C3600E71ED9 /* AnimalRegisterVC.swift */; };
/* End PBXBuildFile section */

/* Begin PBXFileReference section */
		38E5C6A92A28720F0091E300 /* map_pinup_custom@3x.png */ = {isa = PBXFileReference; lastKnownFileType = image.png; path = "map_pinup_custom@3x.png"; sourceTree = "<group>"; };
		38E5C6AA2A28720F0091E300 /* map_pin_custom.png */ = {isa = PBXFileReference; lastKnownFileType = image.png; path = map_pin_custom.png; sourceTree = "<group>"; };
		38E5C6AB2A28720F0091E300 /* shadow_balloon.png */ = {isa = PBXFileReference; lastKnownFileType = image.png; path = shadow_balloon.png; sourceTree = "<group>"; };
		38E5C6AC2A28720F0091E300 /* map_pinup.png */ = {isa = PBXFileReference; lastKnownFileType = image.png; path = map_pinup.png; sourceTree = "<group>"; };
		38E5C6AD2A28720F0091E300 /* detail_button.png */ = {isa = PBXFileReference; lastKnownFileType = image.png; path = detail_button.png; sourceTree = "<group>"; };
		38E5C6AE2A28720F0091E300 /* map_pin_custom@3x.png */ = {isa = PBXFileReference; lastKnownFileType = image.png; path = "map_pin_custom@3x.png"; sourceTree = "<group>"; };
		38E5C6AF2A28720F0091E300 /* map_pinup@3x.png */ = {isa = PBXFileReference; lastKnownFileType = image.png; path = "map_pinup@3x.png"; sourceTree = "<group>"; };
		38E5C6B02A28720F0091E300 /* map_pin_shadow@3x.png */ = {isa = PBXFileReference; lastKnownFileType = image.png; path = "map_pin_shadow@3x.png"; sourceTree = "<group>"; };
		38E5C6B12A28720F0091E300 /* copyright.png */ = {isa = PBXFileReference; lastKnownFileType = image.png; path = copyright.png; sourceTree = "<group>"; };
		38E5C6B22A28720F0091E300 /* th_line.png */ = {isa = PBXFileReference; lastKnownFileType = image.png; path = th_line.png; sourceTree = "<group>"; };
		38E5C6B32A28720F0091E300 /* map_pin_red@3x.png */ = {isa = PBXFileReference; lastKnownFileType = image.png; path = "map_pin_red@3x.png"; sourceTree = "<group>"; };
		38E5C6B42A28720F0091E300 /* daum_copyright.png */ = {isa = PBXFileReference; lastKnownFileType = image.png; path = daum_copyright.png; sourceTree = "<group>"; };
		38E5C6B52A28720F0091E300 /* map_pin@3x.png */ = {isa = PBXFileReference; lastKnownFileType = image.png; path = "map_pin@3x.png"; sourceTree = "<group>"; };
		38E5C6B62A28720F0091E300 /* map_present_tracking.png */ = {isa = PBXFileReference; lastKnownFileType = image.png; path = map_present_tracking.png; sourceTree = "<group>"; };
		38E5C6B72A28720F0091E300 /* map_pin_red.png */ = {isa = PBXFileReference; lastKnownFileType = image.png; path = map_pin_red.png; sourceTree = "<group>"; };
		38E5C6B92A28720F0091E300 /* MTMapPOIItem.h */ = {isa = PBXFileReference; fileEncoding = 4; lastKnownFileType = sourcecode.c.h; path = MTMapPOIItem.h; sourceTree = "<group>"; };
		38E5C6BA2A28720F0091E300 /* MTMapCameraUpdate.h */ = {isa = PBXFileReference; fileEncoding = 4; lastKnownFileType = sourcecode.c.h; path = MTMapCameraUpdate.h; sourceTree = "<group>"; };
		38E5C6BB2A28720F0091E300 /* MTMapReverseGeoCoder.h */ = {isa = PBXFileReference; fileEncoding = 4; lastKnownFileType = sourcecode.c.h; path = MTMapReverseGeoCoder.h; sourceTree = "<group>"; };
		38E5C6BC2A28720F0091E300 /* MTMapPolyline.h */ = {isa = PBXFileReference; fileEncoding = 4; lastKnownFileType = sourcecode.c.h; path = MTMapPolyline.h; sourceTree = "<group>"; };
		38E5C6BD2A28720F0091E300 /* MTMapLocationMarkerItem.h */ = {isa = PBXFileReference; fileEncoding = 4; lastKnownFileType = sourcecode.c.h; path = MTMapLocationMarkerItem.h; sourceTree = "<group>"; };
		38E5C6BE2A28720F0091E300 /* MTMapView.h */ = {isa = PBXFileReference; fileEncoding = 4; lastKnownFileType = sourcecode.c.h; path = MTMapView.h; sourceTree = "<group>"; };
		38E5C6BF2A28720F0091E300 /* MTMapGeometry.h */ = {isa = PBXFileReference; fileEncoding = 4; lastKnownFileType = sourcecode.c.h; path = MTMapGeometry.h; sourceTree = "<group>"; };
		38E5C6C02A28720F0091E300 /* MTMapCircle.h */ = {isa = PBXFileReference; fileEncoding = 4; lastKnownFileType = sourcecode.c.h; path = MTMapCircle.h; sourceTree = "<group>"; };
		38E5C6C12A28720F0091E300 /* info_box.png */ = {isa = PBXFileReference; lastKnownFileType = image.png; path = info_box.png; sourceTree = "<group>"; };
		38E5C6C22A28720F0091E300 /* point_sprite.png */ = {isa = PBXFileReference; lastKnownFileType = image.png; path = point_sprite.png; sourceTree = "<group>"; };
		38E5C6C32A28720F0091E300 /* map_pinup_custom.png */ = {isa = PBXFileReference; lastKnownFileType = image.png; path = map_pinup_custom.png; sourceTree = "<group>"; };
		38E5C6C42A28720F0091E300 /* info_box_tail.png */ = {isa = PBXFileReference; lastKnownFileType = image.png; path = info_box_tail.png; sourceTree = "<group>"; };
		38E5C6C52A28720F0091E300 /* noimage256.png */ = {isa = PBXFileReference; lastKnownFileType = image.png; path = noimage256.png; sourceTree = "<group>"; };
		38E5C6C62A28720F0091E300 /* map_present_direction.png */ = {isa = PBXFileReference; lastKnownFileType = image.png; path = map_present_direction.png; sourceTree = "<group>"; };
		38E5C6C72A28720F0091E300 /* map_pin.png */ = {isa = PBXFileReference; lastKnownFileType = image.png; path = map_pin.png; sourceTree = "<group>"; };
		38E5C6C82A28720F0091E300 /* map_present.png */ = {isa = PBXFileReference; lastKnownFileType = image.png; path = map_present.png; sourceTree = "<group>"; };
		38E5C6C92A28720F0091E300 /* noimage.png */ = {isa = PBXFileReference; lastKnownFileType = image.png; path = noimage.png; sourceTree = "<group>"; };
		38E5C6CA2A28720F0091E300 /* map_present_background_update.png */ = {isa = PBXFileReference; lastKnownFileType = image.png; path = map_present_background_update.png; sourceTree = "<group>"; };
		38E5C6CB2A28720F0091E300 /* daum_th_line.png */ = {isa = PBXFileReference; lastKnownFileType = image.png; path = daum_th_line.png; sourceTree = "<group>"; };
		38E5C6CC2A28720F0091E300 /* map_pin_shadow.png */ = {isa = PBXFileReference; lastKnownFileType = image.png; path = map_pin_shadow.png; sourceTree = "<group>"; };
		38E5C6CD2A28720F0091E300 /* DaumMap.framework */ = {isa = PBXFileReference; lastKnownFileType = wrapper.framework; path = DaumMap.framework; sourceTree = "<group>"; };
		38E5C6EB2A2879810091E300 /* CoreLocation.framework */ = {isa = PBXFileReference; lastKnownFileType = wrapper.framework; name = CoreLocation.framework; path = System/Library/Frameworks/CoreLocation.framework; sourceTree = SDKROOT; };
		38E5C6ED2A2879920091E300 /* Metal.framework */ = {isa = PBXFileReference; lastKnownFileType = wrapper.framework; name = Metal.framework; path = System/Library/Frameworks/Metal.framework; sourceTree = SDKROOT; };
		38E5C6EF2A28799D0091E300 /* QuartzCore.framework */ = {isa = PBXFileReference; lastKnownFileType = wrapper.framework; name = QuartzCore.framework; path = System/Library/Frameworks/QuartzCore.framework; sourceTree = SDKROOT; };
		38E5C6F12A2879A90091E300 /* SystemConfiguration.framework */ = {isa = PBXFileReference; lastKnownFileType = wrapper.framework; name = SystemConfiguration.framework; path = System/Library/Frameworks/SystemConfiguration.framework; sourceTree = SDKROOT; };
		38E5C6F32A2879B50091E300 /* libc++.tbd */ = {isa = PBXFileReference; lastKnownFileType = "sourcecode.text-based-dylib-definition"; name = "libc++.tbd"; path = "usr/lib/libc++.tbd"; sourceTree = SDKROOT; };
		38E5C6F52A2879CC0091E300 /* libsqlite3.tbd */ = {isa = PBXFileReference; lastKnownFileType = "sourcecode.text-based-dylib-definition"; name = libsqlite3.tbd; path = usr/lib/libsqlite3.tbd; sourceTree = SDKROOT; };
		38E5C6F72A2879E00091E300 /* libxml2.tbd */ = {isa = PBXFileReference; lastKnownFileType = "sourcecode.text-based-dylib-definition"; name = libxml2.tbd; path = usr/lib/libxml2.tbd; sourceTree = SDKROOT; };
		38E5C6F92A287A780091E300 /* Kakao-Map-Bridge-Header.h */ = {isa = PBXFileReference; lastKnownFileType = sourcecode.c.h; path = "Kakao-Map-Bridge-Header.h"; sourceTree = "<group>"; };
		38E5C6FA2A2883170091E300 /* MapVC.swift */ = {isa = PBXFileReference; lastKnownFileType = sourcecode.swift; path = MapVC.swift; sourceTree = "<group>"; };
		9A094BB72A2DC3110065FF52 /* MyPageVC.swift */ = {isa = PBXFileReference; lastKnownFileType = sourcecode.swift; path = MyPageVC.swift; sourceTree = "<group>"; };
		9A094BBD2A2F20AB0065FF52 /* AnimalBoardTableViewCell.swift */ = {isa = PBXFileReference; lastKnownFileType = sourcecode.swift; path = AnimalBoardTableViewCell.swift; sourceTree = "<group>"; };
		9A1EF5652A29FA1A00261F7A /* NfcTagVC.swift */ = {isa = PBXFileReference; lastKnownFileType = sourcecode.swift; path = NfcTagVC.swift; sourceTree = "<group>"; };
		9A1EF5672A29FB2800261F7A /* nfc-signal.json */ = {isa = PBXFileReference; fileEncoding = 4; lastKnownFileType = text.json; path = "nfc-signal.json"; sourceTree = "<group>"; };
		9A1EF56B2A2A4FF700261F7A /* smallCloud-iOS.entitlements */ = {isa = PBXFileReference; lastKnownFileType = text.plist.entitlements; path = "smallCloud-iOS.entitlements"; sourceTree = "<group>"; };
		9A24D6C22A1F3A33006759E3 /* LoginSB.storyboard */ = {isa = PBXFileReference; lastKnownFileType = file.storyboard; path = LoginSB.storyboard; sourceTree = "<group>"; };
		9A24D6C72A1F3B4F006759E3 /* LoginMainVC.swift */ = {isa = PBXFileReference; lastKnownFileType = sourcecode.swift; path = LoginMainVC.swift; sourceTree = "<group>"; };
		9A24D6CC2A1F4830006759E3 /* catAndWire.json */ = {isa = PBXFileReference; fileEncoding = 4; lastKnownFileType = text.json; path = catAndWire.json; sourceTree = "<group>"; };
		9A24D6D02A20A7AF006759E3 /* loading-burst.json */ = {isa = PBXFileReference; fileEncoding = 4; lastKnownFileType = text.json; path = "loading-burst.json"; sourceTree = "<group>"; };
		9A3332222A27481C0057215A /* userInfo.xcdatamodel */ = {isa = PBXFileReference; lastKnownFileType = wrapper.xcdatamodel; path = userInfo.xcdatamodel; sourceTree = "<group>"; };
		9A3332242A28A6A60057215A /* UserInfo.swift */ = {isa = PBXFileReference; lastKnownFileType = sourcecode.swift; path = UserInfo.swift; sourceTree = "<group>"; };
		9A492DF12A265A8600836814 /* LoginVC.swift */ = {isa = PBXFileReference; lastKnownFileType = sourcecode.swift; path = LoginVC.swift; sourceTree = "<group>"; };
		9A7776542A2F60EB0016240E /* Secrets.plist */ = {isa = PBXFileReference; lastKnownFileType = text.plist.xml; path = Secrets.plist; sourceTree = "<group>"; };
		9A7776562A2F618C0016240E /* Bundle.swift */ = {isa = PBXFileReference; lastKnownFileType = sourcecode.swift; path = Bundle.swift; sourceTree = "<group>"; };
		9A7776582A2FB8FD0016240E /* Animal.swift */ = {isa = PBXFileReference; fileEncoding = 4; lastKnownFileType = sourcecode.swift; path = Animal.swift; sourceTree = "<group>"; };
		9A77765A2A2FB9290016240E /* CustomColor.swift */ = {isa = PBXFileReference; fileEncoding = 4; lastKnownFileType = sourcecode.swift; path = CustomColor.swift; sourceTree = "<group>"; };
		9A92B02F2A3049180030415F /* AnimalBoardDetailVC.swift */ = {isa = PBXFileReference; lastKnownFileType = sourcecode.swift; path = AnimalBoardDetailVC.swift; sourceTree = "<group>"; };
		9A9C1C6C29EFEC0F002E972A /* smallCloud-iOS.app */ = {isa = PBXFileReference; explicitFileType = wrapper.application; includeInIndex = 0; path = "smallCloud-iOS.app"; sourceTree = BUILT_PRODUCTS_DIR; };
		9A9C1C6F29EFEC0F002E972A /* AppDelegate.swift */ = {isa = PBXFileReference; lastKnownFileType = sourcecode.swift; path = AppDelegate.swift; sourceTree = "<group>"; };
		9A9C1C7129EFEC0F002E972A /* SceneDelegate.swift */ = {isa = PBXFileReference; lastKnownFileType = sourcecode.swift; path = SceneDelegate.swift; sourceTree = "<group>"; };
		9A9C1C7329EFEC0F002E972A /* AnimalBoardVC.swift */ = {isa = PBXFileReference; lastKnownFileType = sourcecode.swift; path = AnimalBoardVC.swift; sourceTree = "<group>"; };
		9A9C1C7629EFEC0F002E972A /* Base */ = {isa = PBXFileReference; lastKnownFileType = file.storyboard; name = Base; path = Base.lproj/Main.storyboard; sourceTree = "<group>"; };
		9A9C1C7829EFEC10002E972A /* Assets.xcassets */ = {isa = PBXFileReference; lastKnownFileType = folder.assetcatalog; path = Assets.xcassets; sourceTree = "<group>"; };
		9A9C1C7B29EFEC10002E972A /* Base */ = {isa = PBXFileReference; lastKnownFileType = file.storyboard; name = Base; path = Base.lproj/LaunchScreen.storyboard; sourceTree = "<group>"; };
		9A9C1C7D29EFEC10002E972A /* Info.plist */ = {isa = PBXFileReference; lastKnownFileType = text.plist.xml; path = Info.plist; sourceTree = "<group>"; };
		9AC0C5922A24D6F800ECA612 /* RegisterVC.swift */ = {isa = PBXFileReference; lastKnownFileType = sourcecode.swift; path = RegisterVC.swift; sourceTree = "<group>"; };
		9AC0C5942A24D72800ECA612 /* FieldAnimation.swift */ = {isa = PBXFileReference; lastKnownFileType = sourcecode.swift; path = FieldAnimation.swift; sourceTree = "<group>"; };
		9ACFE9F72A33A29500AC81BA /* ChatVC.swift */ = {isa = PBXFileReference; fileEncoding = 4; lastKnownFileType = sourcecode.swift; path = ChatVC.swift; sourceTree = "<group>"; };
		9ACFE9F82A33A29500AC81BA /* ChannelVC.swift */ = {isa = PBXFileReference; fileEncoding = 4; lastKnownFileType = sourcecode.swift; path = ChannelVC.swift; sourceTree = "<group>"; };
		9ACFEA002A33A33E00AC81BA /* BaseViewController.swift */ = {isa = PBXFileReference; fileEncoding = 4; lastKnownFileType = sourcecode.swift; path = BaseViewController.swift; sourceTree = "<group>"; };
		9ACFEA012A33A33E00AC81BA /* BaseNavigationController.swift */ = {isa = PBXFileReference; fileEncoding = 4; lastKnownFileType = sourcecode.swift; path = BaseNavigationController.swift; sourceTree = "<group>"; };
		9ACFEA022A33A33E00AC81BA /* FirebaseStorageManager.swift */ = {isa = PBXFileReference; fileEncoding = 4; lastKnownFileType = sourcecode.swift; path = FirebaseStorageManager.swift; sourceTree = "<group>"; };
		9ACFEA072A33A38600AC81BA /* UIColor.swift */ = {isa = PBXFileReference; fileEncoding = 4; lastKnownFileType = sourcecode.swift; path = UIColor.swift; sourceTree = "<group>"; };
		9ACFEA082A33A38600AC81BA /* UIImage.swift */ = {isa = PBXFileReference; fileEncoding = 4; lastKnownFileType = sourcecode.swift; path = UIImage.swift; sourceTree = "<group>"; };
		9ACFEA092A33A38600AC81BA /* NSObject.swift */ = {isa = PBXFileReference; fileEncoding = 4; lastKnownFileType = sourcecode.swift; path = NSObject.swift; sourceTree = "<group>"; };
		9ACFEA0D2A33A3E800AC81BA /* StreamError.swift */ = {isa = PBXFileReference; fileEncoding = 4; lastKnownFileType = sourcecode.swift; path = StreamError.swift; sourceTree = "<group>"; };
		9ACFEA0E2A33A3E800AC81BA /* ImageMediaItem.swift */ = {isa = PBXFileReference; fileEncoding = 4; lastKnownFileType = sourcecode.swift; path = ImageMediaItem.swift; sourceTree = "<group>"; };
		9ACFEA0F2A33A3E800AC81BA /* DatabaseRepresentation.swift */ = {isa = PBXFileReference; fileEncoding = 4; lastKnownFileType = sourcecode.swift; path = DatabaseRepresentation.swift; sourceTree = "<group>"; };
		9ACFEA102A33A3E800AC81BA /* ChatFirestoreStream.swift */ = {isa = PBXFileReference; fileEncoding = 4; lastKnownFileType = sourcecode.swift; path = ChatFirestoreStream.swift; sourceTree = "<group>"; };
		9ACFEA112A33A3E800AC81BA /* Channel.swift */ = {isa = PBXFileReference; fileEncoding = 4; lastKnownFileType = sourcecode.swift; path = Channel.swift; sourceTree = "<group>"; };
		9ACFEA122A33A3E800AC81BA /* Message.swift */ = {isa = PBXFileReference; fileEncoding = 4; lastKnownFileType = sourcecode.swift; path = Message.swift; sourceTree = "<group>"; };
		9ACFEA132A33A3E800AC81BA /* ChannelFirestoreStream.swift */ = {isa = PBXFileReference; fileEncoding = 4; lastKnownFileType = sourcecode.swift; path = ChannelFirestoreStream.swift; sourceTree = "<group>"; };
		9ACFEA1B2A33A43900AC81BA /* ChannelTableViewCell.swift */ = {isa = PBXFileReference; fileEncoding = 4; lastKnownFileType = sourcecode.swift; path = ChannelTableViewCell.swift; sourceTree = "<group>"; };
		9ACFEA202A33ACA100AC81BA /* Sender.swift */ = {isa = PBXFileReference; fileEncoding = 4; lastKnownFileType = sourcecode.swift; path = Sender.swift; sourceTree = "<group>"; };
		9ACFEA252A33B35500AC81BA /* GoogleService-Info.plist */ = {isa = PBXFileReference; fileEncoding = 4; lastKnownFileType = text.plist.xml; path = "GoogleService-Info.plist"; sourceTree = "<group>"; };
		9ADCF1972A308C3600E71ED9 /* AnimalRegisterVC.swift */ = {isa = PBXFileReference; lastKnownFileType = sourcecode.swift; path = AnimalRegisterVC.swift; sourceTree = "<group>"; };
/* End PBXFileReference section */

/* Begin PBXFrameworksBuildPhase section */
		9A9C1C6929EFEC0F002E972A /* Frameworks */ = {
			isa = PBXFrameworksBuildPhase;
			buildActionMask = 2147483647;
			files = (
				38E5C6F42A2879C00091E300 /* libc++.tbd in Frameworks */,
				9ACFE9F62A33A1FF00AC81BA /* SnapKit in Frameworks */,
				9ACFE9EF2A33A1E500AC81BA /* FirebaseFirestore in Frameworks */,
				38E5C6F02A28799D0091E300 /* QuartzCore.framework in Frameworks */,
				9ACFE9F12A33A1E500AC81BA /* FirebaseFirestoreSwift in Frameworks */,
				38E5C6F62A2879D60091E300 /* libsqlite3.tbd in Frameworks */,
				38E5C6F22A2879AA0091E300 /* SystemConfiguration.framework in Frameworks */,
				38E5C6EC2A2879810091E300 /* CoreLocation.framework in Frameworks */,
				9A4DF7E62A29DB22001BADF8 /* Alamofire in Frameworks */,
				9ACFE9F32A33A1E500AC81BA /* FirebaseStorage in Frameworks */,
				9ACFEA242A33B07800AC81BA /* MessageKit in Frameworks */,
				9A4DF7E32A29DB13001BADF8 /* Lottie in Frameworks */,
				9ACFE9ED2A33A1E500AC81BA /* FirebaseAuth in Frameworks */,
				38E5C6F82A2879EA0091E300 /* libxml2.tbd in Frameworks */,
				38E5C6EE2A2879920091E300 /* Metal.framework in Frameworks */,
				9A1EE25E2A29051A00AA1549 /* SwiftyJSON in Frameworks */,
				38E5C6E92A28720F0091E300 /* DaumMap.framework in Frameworks */,
			);
			runOnlyForDeploymentPostprocessing = 0;
		};
/* End PBXFrameworksBuildPhase section */

/* Begin PBXGroup section */
		38E5C6A72A28720F0091E300 /* DaumMap.embeddedframework */ = {
			isa = PBXGroup;
			children = (
				38E5C6A82A28720F0091E300 /* Resources */,
				38E5C6CD2A28720F0091E300 /* DaumMap.framework */,
			);
			path = DaumMap.embeddedframework;
			sourceTree = "<group>";
		};
		38E5C6A82A28720F0091E300 /* Resources */ = {
			isa = PBXGroup;
			children = (
				38E5C6A92A28720F0091E300 /* map_pinup_custom@3x.png */,
				38E5C6AA2A28720F0091E300 /* map_pin_custom.png */,
				38E5C6AB2A28720F0091E300 /* shadow_balloon.png */,
				38E5C6AC2A28720F0091E300 /* map_pinup.png */,
				38E5C6AD2A28720F0091E300 /* detail_button.png */,
				38E5C6AE2A28720F0091E300 /* map_pin_custom@3x.png */,
				38E5C6AF2A28720F0091E300 /* map_pinup@3x.png */,
				38E5C6B02A28720F0091E300 /* map_pin_shadow@3x.png */,
				38E5C6B12A28720F0091E300 /* copyright.png */,
				38E5C6B22A28720F0091E300 /* th_line.png */,
				38E5C6B32A28720F0091E300 /* map_pin_red@3x.png */,
				38E5C6B42A28720F0091E300 /* daum_copyright.png */,
				38E5C6B52A28720F0091E300 /* map_pin@3x.png */,
				38E5C6B62A28720F0091E300 /* map_present_tracking.png */,
				38E5C6B72A28720F0091E300 /* map_pin_red.png */,
				38E5C6B82A28720F0091E300 /* Headers */,
				38E5C6C12A28720F0091E300 /* info_box.png */,
				38E5C6C22A28720F0091E300 /* point_sprite.png */,
				38E5C6C32A28720F0091E300 /* map_pinup_custom.png */,
				38E5C6C42A28720F0091E300 /* info_box_tail.png */,
				38E5C6C52A28720F0091E300 /* noimage256.png */,
				38E5C6C62A28720F0091E300 /* map_present_direction.png */,
				38E5C6C72A28720F0091E300 /* map_pin.png */,
				38E5C6C82A28720F0091E300 /* map_present.png */,
				38E5C6C92A28720F0091E300 /* noimage.png */,
				38E5C6CA2A28720F0091E300 /* map_present_background_update.png */,
				38E5C6CB2A28720F0091E300 /* daum_th_line.png */,
				38E5C6CC2A28720F0091E300 /* map_pin_shadow.png */,
			);
			path = Resources;
			sourceTree = "<group>";
		};
		38E5C6B82A28720F0091E300 /* Headers */ = {
			isa = PBXGroup;
			children = (
				38E5C6B92A28720F0091E300 /* MTMapPOIItem.h */,
				38E5C6BA2A28720F0091E300 /* MTMapCameraUpdate.h */,
				38E5C6BB2A28720F0091E300 /* MTMapReverseGeoCoder.h */,
				38E5C6BC2A28720F0091E300 /* MTMapPolyline.h */,
				38E5C6BD2A28720F0091E300 /* MTMapLocationMarkerItem.h */,
				38E5C6BE2A28720F0091E300 /* MTMapView.h */,
				38E5C6BF2A28720F0091E300 /* MTMapGeometry.h */,
				38E5C6C02A28720F0091E300 /* MTMapCircle.h */,
			);
			path = Headers;
			sourceTree = "<group>";
		};
		38E5C6EA2A2879800091E300 /* Frameworks */ = {
			isa = PBXGroup;
			children = (
				38E5C6F72A2879E00091E300 /* libxml2.tbd */,
				38E5C6F52A2879CC0091E300 /* libsqlite3.tbd */,
				38E5C6F32A2879B50091E300 /* libc++.tbd */,
				38E5C6F12A2879A90091E300 /* SystemConfiguration.framework */,
				38E5C6EF2A28799D0091E300 /* QuartzCore.framework */,
				38E5C6ED2A2879920091E300 /* Metal.framework */,
				38E5C6EB2A2879810091E300 /* CoreLocation.framework */,
			);
			name = Frameworks;
			sourceTree = "<group>";
		};
		9A24D6CB2A1F4442006759E3 /* Resource */ = {
			isa = PBXGroup;
			children = (
				9A77765A2A2FB9290016240E /* CustomColor.swift */,
				9A7776562A2F618C0016240E /* Bundle.swift */,
				9A9C1C7829EFEC10002E972A /* Assets.xcassets */,
				9A9C1C7D29EFEC10002E972A /* Info.plist */,
				9A24D6D02A20A7AF006759E3 /* loading-burst.json */,
				9A24D6CC2A1F4830006759E3 /* catAndWire.json */,
				9A1EF5672A29FB2800261F7A /* nfc-signal.json */,
				9A1EF56B2A2A4FF700261F7A /* smallCloud-iOS.entitlements */,
				9A7776542A2F60EB0016240E /* Secrets.plist */,
				9ACFEA252A33B35500AC81BA /* GoogleService-Info.plist */,
			);
			path = Resource;
			sourceTree = "<group>";
		};
		9A4DF7E72A29DBE4001BADF8 /* Controller */ = {
			isa = PBXGroup;
			children = (
				9A9C1C6F29EFEC0F002E972A /* AppDelegate.swift */,
				9A9C1C7129EFEC0F002E972A /* SceneDelegate.swift */,
				9A9C1C7329EFEC0F002E972A /* AnimalBoardVC.swift */,
				9A094BBD2A2F20AB0065FF52 /* AnimalBoardTableViewCell.swift */,
				9A92B02F2A3049180030415F /* AnimalBoardDetailVC.swift */,
				9A24D6C72A1F3B4F006759E3 /* LoginMainVC.swift */,
				9AC0C5922A24D6F800ECA612 /* RegisterVC.swift */,
				9ADCF1972A308C3600E71ED9 /* AnimalRegisterVC.swift */,
				9A492DF12A265A8600836814 /* LoginVC.swift */,
				38E5C6FA2A2883170091E300 /* MapVC.swift */,
				9A1EF5652A29FA1A00261F7A /* NfcTagVC.swift */,
				9A094BB72A2DC3110065FF52 /* MyPageVC.swift */,
				9ACFE9F82A33A29500AC81BA /* ChannelVC.swift */,
				9ACFEA1B2A33A43900AC81BA /* ChannelTableViewCell.swift */,
				9ACFE9F72A33A29500AC81BA /* ChatVC.swift */,
			);
			path = Controller;
			sourceTree = "<group>";
		};
		9A4DF7E82A29DBFB001BADF8 /* View */ = {
			isa = PBXGroup;
			children = (
				9A24D6C22A1F3A33006759E3 /* LoginSB.storyboard */,
				9A9C1C7529EFEC0F002E972A /* Main.storyboard */,
				9A9C1C7A29EFEC10002E972A /* LaunchScreen.storyboard */,
				9AC0C5942A24D72800ECA612 /* FieldAnimation.swift */,
			);
			path = View;
			sourceTree = "<group>";
		};
		9A4DF7E92A29DC0C001BADF8 /* Model */ = {
			isa = PBXGroup;
			children = (
				9A3332212A27481C0057215A /* Data.xcdatamodeld */,
				9A3332242A28A6A60057215A /* UserInfo.swift */,
				9A7776582A2FB8FD0016240E /* Animal.swift */,
				9ACFEA112A33A3E800AC81BA /* Channel.swift */,
				9ACFEA132A33A3E800AC81BA /* ChannelFirestoreStream.swift */,
				9ACFEA102A33A3E800AC81BA /* ChatFirestoreStream.swift */,
				9ACFEA0F2A33A3E800AC81BA /* DatabaseRepresentation.swift */,
				9ACFEA0E2A33A3E800AC81BA /* ImageMediaItem.swift */,
				9ACFEA122A33A3E800AC81BA /* Message.swift */,
				9ACFEA0D2A33A3E800AC81BA /* StreamError.swift */,
				9ACFEA202A33ACA100AC81BA /* Sender.swift */,
			);
			path = Model;
			sourceTree = "<group>";
		};
		9A9C1C6329EFEC0F002E972A = {
			isa = PBXGroup;
			children = (
				9A9C1C6E29EFEC0F002E972A /* smallCloud-iOS */,
				9A9C1C6D29EFEC0F002E972A /* Products */,
				38E5C6EA2A2879800091E300 /* Frameworks */,
			);
			sourceTree = "<group>";
		};
		9A9C1C6D29EFEC0F002E972A /* Products */ = {
			isa = PBXGroup;
			children = (
				9A9C1C6C29EFEC0F002E972A /* smallCloud-iOS.app */,
			);
			name = Products;
			sourceTree = "<group>";
		};
		9A9C1C6E29EFEC0F002E972A /* smallCloud-iOS */ = {
			isa = PBXGroup;
			children = (
				9ACFE9FD2A33A2F100AC81BA /* Component */,
				9A4DF7E92A29DC0C001BADF8 /* Model */,
				9A4DF7E82A29DBFB001BADF8 /* View */,
				9A4DF7E72A29DBE4001BADF8 /* Controller */,
				9A24D6CB2A1F4442006759E3 /* Resource */,
				38E5C6A72A28720F0091E300 /* DaumMap.embeddedframework */,
				38E5C6F92A287A780091E300 /* Kakao-Map-Bridge-Header.h */,
			);
			path = "smallCloud-iOS";
			sourceTree = "<group>";
		};
		9ACFE9FD2A33A2F100AC81BA /* Component */ = {
			isa = PBXGroup;
			children = (
				9ACFEA012A33A33E00AC81BA /* BaseNavigationController.swift */,
				9ACFEA002A33A33E00AC81BA /* BaseViewController.swift */,
				9ACFEA022A33A33E00AC81BA /* FirebaseStorageManager.swift */,
				9ACFE9FE2A33A2FF00AC81BA /* Extentions */,
			);
			path = Component;
			sourceTree = "<group>";
		};
		9ACFE9FE2A33A2FF00AC81BA /* Extentions */ = {
			isa = PBXGroup;
			children = (
				9ACFEA092A33A38600AC81BA /* NSObject.swift */,
				9ACFEA072A33A38600AC81BA /* UIColor.swift */,
				9ACFEA082A33A38600AC81BA /* UIImage.swift */,
			);
			path = Extentions;
			sourceTree = "<group>";
		};
/* End PBXGroup section */

/* Begin PBXNativeTarget section */
		9A9C1C6B29EFEC0F002E972A /* smallCloud-iOS */ = {
			isa = PBXNativeTarget;
			buildConfigurationList = 9A9C1C8029EFEC10002E972A /* Build configuration list for PBXNativeTarget "smallCloud-iOS" */;
			buildPhases = (
				9A9C1C6829EFEC0F002E972A /* Sources */,
				9A9C1C6929EFEC0F002E972A /* Frameworks */,
				9A9C1C6A29EFEC0F002E972A /* Resources */,
			);
			buildRules = (
			);
			dependencies = (
			);
			name = "smallCloud-iOS";
			packageProductDependencies = (
				9A1EE25D2A29051A00AA1549 /* SwiftyJSON */,
				9A4DF7E22A29DB13001BADF8 /* Lottie */,
				9A4DF7E52A29DB22001BADF8 /* Alamofire */,
				9ACFE9EC2A33A1E500AC81BA /* FirebaseAuth */,
				9ACFE9EE2A33A1E500AC81BA /* FirebaseFirestore */,
				9ACFE9F02A33A1E500AC81BA /* FirebaseFirestoreSwift */,
				9ACFE9F22A33A1E500AC81BA /* FirebaseStorage */,
				9ACFE9F52A33A1FF00AC81BA /* SnapKit */,
				9ACFEA232A33B07800AC81BA /* MessageKit */,
			);
			productName = "smallCloud-iOS";
			productReference = 9A9C1C6C29EFEC0F002E972A /* smallCloud-iOS.app */;
			productType = "com.apple.product-type.application";
		};
/* End PBXNativeTarget section */

/* Begin PBXProject section */
		9A9C1C6429EFEC0F002E972A /* Project object */ = {
			isa = PBXProject;
			attributes = {
				BuildIndependentTargetsInParallel = 1;
				LastSwiftUpdateCheck = 1420;
				LastUpgradeCheck = 1420;
				TargetAttributes = {
					9A9C1C6B29EFEC0F002E972A = {
						CreatedOnToolsVersion = 14.2;
					};
				};
			};
			buildConfigurationList = 9A9C1C6729EFEC0F002E972A /* Build configuration list for PBXProject "smallCloud-iOS" */;
			compatibilityVersion = "Xcode 14.0";
			developmentRegion = en;
			hasScannedForEncodings = 0;
			knownRegions = (
				en,
				Base,
			);
			mainGroup = 9A9C1C6329EFEC0F002E972A;
			packageReferences = (
				9A1EE25C2A29051A00AA1549 /* XCRemoteSwiftPackageReference "SwiftyJSON" */,
				9A4DF7E12A29DB13001BADF8 /* XCRemoteSwiftPackageReference "lottie-ios" */,
				9A4DF7E42A29DB22001BADF8 /* XCRemoteSwiftPackageReference "Alamofire" */,
				9ACFE9EB2A33A1E500AC81BA /* XCRemoteSwiftPackageReference "firebase-ios-sdk" */,
				9ACFE9F42A33A1FF00AC81BA /* XCRemoteSwiftPackageReference "SnapKit" */,
				9ACFEA222A33B07800AC81BA /* XCRemoteSwiftPackageReference "MessageKit" */,
			);
			productRefGroup = 9A9C1C6D29EFEC0F002E972A /* Products */;
			projectDirPath = "";
			projectRoot = "";
			targets = (
				9A9C1C6B29EFEC0F002E972A /* smallCloud-iOS */,
			);
		};
/* End PBXProject section */

/* Begin PBXResourcesBuildPhase section */
		9A9C1C6A29EFEC0F002E972A /* Resources */ = {
			isa = PBXResourcesBuildPhase;
			buildActionMask = 2147483647;
			files = (
				38E5C6E42A28720F0091E300 /* map_present.png in Resources */,
				38E5C6DA2A28720F0091E300 /* map_pin@3x.png in Resources */,
				38E5C6D82A28720F0091E300 /* map_pin_red@3x.png in Resources */,
				38E5C6E32A28720F0091E300 /* map_pin.png in Resources */,
				38E5C6DC2A28720F0091E300 /* map_pin_red.png in Resources */,
				38E5C6CE2A28720F0091E300 /* map_pinup_custom@3x.png in Resources */,
				38E5C6D62A28720F0091E300 /* copyright.png in Resources */,
				9A1EF5682A29FB2800261F7A /* nfc-signal.json in Resources */,
				38E5C6D52A28720F0091E300 /* map_pin_shadow@3x.png in Resources */,
				9A24D6D12A20A7B0006759E3 /* loading-burst.json in Resources */,
				9A9C1C7C29EFEC10002E972A /* LaunchScreen.storyboard in Resources */,
				38E5C6D92A28720F0091E300 /* daum_copyright.png in Resources */,
				38E5C6DD2A28720F0091E300 /* info_box.png in Resources */,
				38E5C6D32A28720F0091E300 /* map_pin_custom@3x.png in Resources */,
				38E5C6E82A28720F0091E300 /* map_pin_shadow.png in Resources */,
				38E5C6DB2A28720F0091E300 /* map_present_tracking.png in Resources */,
				9A7776552A2F60EB0016240E /* Secrets.plist in Resources */,
				38E5C6D22A28720F0091E300 /* detail_button.png in Resources */,
				38E5C6E52A28720F0091E300 /* noimage.png in Resources */,
				38E5C6D72A28720F0091E300 /* th_line.png in Resources */,
				38E5C6E02A28720F0091E300 /* info_box_tail.png in Resources */,
				38E5C6CF2A28720F0091E300 /* map_pin_custom.png in Resources */,
				38E5C6DF2A28720F0091E300 /* map_pinup_custom.png in Resources */,
				38E5C6D42A28720F0091E300 /* map_pinup@3x.png in Resources */,
				38E5C6DE2A28720F0091E300 /* point_sprite.png in Resources */,
				38E5C6E62A28720F0091E300 /* map_present_background_update.png in Resources */,
				38E5C6E22A28720F0091E300 /* map_present_direction.png in Resources */,
				38E5C6E12A28720F0091E300 /* noimage256.png in Resources */,
				38E5C6D02A28720F0091E300 /* shadow_balloon.png in Resources */,
				9ACFEA262A33B35500AC81BA /* GoogleService-Info.plist in Resources */,
				9A9C1C7929EFEC10002E972A /* Assets.xcassets in Resources */,
				9A24D6CD2A1F4830006759E3 /* catAndWire.json in Resources */,
				9A9C1C7729EFEC0F002E972A /* Main.storyboard in Resources */,
				38E5C6E72A28720F0091E300 /* daum_th_line.png in Resources */,
				38E5C6D12A28720F0091E300 /* map_pinup.png in Resources */,
				9A24D6C32A1F3A33006759E3 /* LoginSB.storyboard in Resources */,
			);
			runOnlyForDeploymentPostprocessing = 0;
		};
/* End PBXResourcesBuildPhase section */

/* Begin PBXSourcesBuildPhase section */
		9A9C1C6829EFEC0F002E972A /* Sources */ = {
			isa = PBXSourcesBuildPhase;
			buildActionMask = 2147483647;
			files = (
				9ACFEA162A33A3E800AC81BA /* DatabaseRepresentation.swift in Sources */,
				9ACFEA052A33A33E00AC81BA /* BaseNavigationController.swift in Sources */,
				9ACFEA152A33A3E800AC81BA /* ImageMediaItem.swift in Sources */,
				9ACFEA172A33A3E800AC81BA /* ChatFirestoreStream.swift in Sources */,
				9ACFEA0B2A33A38600AC81BA /* UIImage.swift in Sources */,
				9A3332232A27481C0057215A /* Data.xcdatamodeld in Sources */,
				9ADCF1982A308C3600E71ED9 /* AnimalRegisterVC.swift in Sources */,
				9ACFE9F92A33A29500AC81BA /* ChatVC.swift in Sources */,
				9A7776572A2F618C0016240E /* Bundle.swift in Sources */,
				9ACFE9FA2A33A29500AC81BA /* ChannelVC.swift in Sources */,
				9ACFEA142A33A3E800AC81BA /* StreamError.swift in Sources */,
				9A9C1C7429EFEC0F002E972A /* AnimalBoardVC.swift in Sources */,
				9A094BB82A2DC3110065FF52 /* MyPageVC.swift in Sources */,
				9ACFEA192A33A3E800AC81BA /* Message.swift in Sources */,
				9A9C1C7029EFEC0F002E972A /* AppDelegate.swift in Sources */,
				9A1EF5662A29FA1A00261F7A /* NfcTagVC.swift in Sources */,
				9A77765B2A2FB9290016240E /* CustomColor.swift in Sources */,
				9A492DF22A265A8600836814 /* LoginVC.swift in Sources */,
				9A9C1C7229EFEC0F002E972A /* SceneDelegate.swift in Sources */,
				9ACFEA1A2A33A3E800AC81BA /* ChannelFirestoreStream.swift in Sources */,
				9ACFEA0A2A33A38600AC81BA /* UIColor.swift in Sources */,
				9ACFEA042A33A33E00AC81BA /* BaseViewController.swift in Sources */,
				9A7776592A2FB8FD0016240E /* Animal.swift in Sources */,
				9ACFEA062A33A33E00AC81BA /* FirebaseStorageManager.swift in Sources */,
				9ACFEA182A33A3E800AC81BA /* Channel.swift in Sources */,
				38E5C6FB2A2883170091E300 /* MapVC.swift in Sources */,
				9A094BBE2A2F20AB0065FF52 /* AnimalBoardTableViewCell.swift in Sources */,
				9ACFEA1C2A33A43A00AC81BA /* ChannelTableViewCell.swift in Sources */,
				9A92B0302A3049180030415F /* AnimalBoardDetailVC.swift in Sources */,
				9ACFEA212A33ACA100AC81BA /* Sender.swift in Sources */,
				9ACFEA0C2A33A38600AC81BA /* NSObject.swift in Sources */,
				9AC0C5952A24D72800ECA612 /* FieldAnimation.swift in Sources */,
				9A3332252A28A6A60057215A /* UserInfo.swift in Sources */,
				9AC0C5932A24D6F800ECA612 /* RegisterVC.swift in Sources */,
				9A24D6C82A1F3B4F006759E3 /* LoginMainVC.swift in Sources */,
			);
			runOnlyForDeploymentPostprocessing = 0;
		};
/* End PBXSourcesBuildPhase section */

/* Begin PBXVariantGroup section */
		9A9C1C7529EFEC0F002E972A /* Main.storyboard */ = {
			isa = PBXVariantGroup;
			children = (
				9A9C1C7629EFEC0F002E972A /* Base */,
			);
			name = Main.storyboard;
			sourceTree = "<group>";
		};
		9A9C1C7A29EFEC10002E972A /* LaunchScreen.storyboard */ = {
			isa = PBXVariantGroup;
			children = (
				9A9C1C7B29EFEC10002E972A /* Base */,
			);
			name = LaunchScreen.storyboard;
			sourceTree = "<group>";
		};
/* End PBXVariantGroup section */

/* Begin XCBuildConfiguration section */
		9A9C1C7E29EFEC10002E972A /* Debug */ = {
			isa = XCBuildConfiguration;
			buildSettings = {
				ALWAYS_SEARCH_USER_PATHS = NO;
				CLANG_ANALYZER_NONNULL = YES;
				CLANG_ANALYZER_NUMBER_OBJECT_CONVERSION = YES_AGGRESSIVE;
				CLANG_CXX_LANGUAGE_STANDARD = "gnu++20";
				CLANG_ENABLE_MODULES = YES;
				CLANG_ENABLE_OBJC_ARC = YES;
				CLANG_ENABLE_OBJC_WEAK = YES;
				CLANG_WARN_BLOCK_CAPTURE_AUTORELEASING = YES;
				CLANG_WARN_BOOL_CONVERSION = YES;
				CLANG_WARN_COMMA = YES;
				CLANG_WARN_CONSTANT_CONVERSION = YES;
				CLANG_WARN_DEPRECATED_OBJC_IMPLEMENTATIONS = YES;
				CLANG_WARN_DIRECT_OBJC_ISA_USAGE = YES_ERROR;
				CLANG_WARN_DOCUMENTATION_COMMENTS = YES;
				CLANG_WARN_EMPTY_BODY = YES;
				CLANG_WARN_ENUM_CONVERSION = YES;
				CLANG_WARN_INFINITE_RECURSION = YES;
				CLANG_WARN_INT_CONVERSION = YES;
				CLANG_WARN_NON_LITERAL_NULL_CONVERSION = YES;
				CLANG_WARN_OBJC_IMPLICIT_RETAIN_SELF = YES;
				CLANG_WARN_OBJC_LITERAL_CONVERSION = YES;
				CLANG_WARN_OBJC_ROOT_CLASS = YES_ERROR;
				CLANG_WARN_QUOTED_INCLUDE_IN_FRAMEWORK_HEADER = YES;
				CLANG_WARN_RANGE_LOOP_ANALYSIS = YES;
				CLANG_WARN_STRICT_PROTOTYPES = YES;
				CLANG_WARN_SUSPICIOUS_MOVE = YES;
				CLANG_WARN_UNGUARDED_AVAILABILITY = YES_AGGRESSIVE;
				CLANG_WARN_UNREACHABLE_CODE = YES;
				CLANG_WARN__DUPLICATE_METHOD_MATCH = YES;
				COPY_PHASE_STRIP = NO;
				DEBUG_INFORMATION_FORMAT = dwarf;
				ENABLE_HARDENED_RUNTIME = NO;
				ENABLE_STRICT_OBJC_MSGSEND = YES;
				ENABLE_TESTABILITY = YES;
				GCC_C_LANGUAGE_STANDARD = gnu11;
				GCC_DYNAMIC_NO_PIC = NO;
				GCC_NO_COMMON_BLOCKS = YES;
				GCC_OPTIMIZATION_LEVEL = 0;
				GCC_PREPROCESSOR_DEFINITIONS = (
					"DEBUG=1",
					"$(inherited)",
				);
				GCC_WARN_64_TO_32_BIT_CONVERSION = YES;
				GCC_WARN_ABOUT_RETURN_TYPE = YES_ERROR;
				GCC_WARN_UNDECLARED_SELECTOR = YES;
				GCC_WARN_UNINITIALIZED_AUTOS = YES_AGGRESSIVE;
				GCC_WARN_UNUSED_FUNCTION = YES;
				GCC_WARN_UNUSED_VARIABLE = YES;
				IPHONEOS_DEPLOYMENT_TARGET = 16.2;
				MTL_ENABLE_DEBUG_INFO = INCLUDE_SOURCE;
				MTL_FAST_MATH = YES;
				ONLY_ACTIVE_ARCH = YES;
				SDKROOT = iphoneos;
				SWIFT_ACTIVE_COMPILATION_CONDITIONS = DEBUG;
				SWIFT_OPTIMIZATION_LEVEL = "-Onone";
			};
			name = Debug;
		};
		9A9C1C7F29EFEC10002E972A /* Release */ = {
			isa = XCBuildConfiguration;
			buildSettings = {
				ALWAYS_SEARCH_USER_PATHS = NO;
				CLANG_ANALYZER_NONNULL = YES;
				CLANG_ANALYZER_NUMBER_OBJECT_CONVERSION = YES_AGGRESSIVE;
				CLANG_CXX_LANGUAGE_STANDARD = "gnu++20";
				CLANG_ENABLE_MODULES = YES;
				CLANG_ENABLE_OBJC_ARC = YES;
				CLANG_ENABLE_OBJC_WEAK = YES;
				CLANG_WARN_BLOCK_CAPTURE_AUTORELEASING = YES;
				CLANG_WARN_BOOL_CONVERSION = YES;
				CLANG_WARN_COMMA = YES;
				CLANG_WARN_CONSTANT_CONVERSION = YES;
				CLANG_WARN_DEPRECATED_OBJC_IMPLEMENTATIONS = YES;
				CLANG_WARN_DIRECT_OBJC_ISA_USAGE = YES_ERROR;
				CLANG_WARN_DOCUMENTATION_COMMENTS = YES;
				CLANG_WARN_EMPTY_BODY = YES;
				CLANG_WARN_ENUM_CONVERSION = YES;
				CLANG_WARN_INFINITE_RECURSION = YES;
				CLANG_WARN_INT_CONVERSION = YES;
				CLANG_WARN_NON_LITERAL_NULL_CONVERSION = YES;
				CLANG_WARN_OBJC_IMPLICIT_RETAIN_SELF = YES;
				CLANG_WARN_OBJC_LITERAL_CONVERSION = YES;
				CLANG_WARN_OBJC_ROOT_CLASS = YES_ERROR;
				CLANG_WARN_QUOTED_INCLUDE_IN_FRAMEWORK_HEADER = YES;
				CLANG_WARN_RANGE_LOOP_ANALYSIS = YES;
				CLANG_WARN_STRICT_PROTOTYPES = YES;
				CLANG_WARN_SUSPICIOUS_MOVE = YES;
				CLANG_WARN_UNGUARDED_AVAILABILITY = YES_AGGRESSIVE;
				CLANG_WARN_UNREACHABLE_CODE = YES;
				CLANG_WARN__DUPLICATE_METHOD_MATCH = YES;
				COPY_PHASE_STRIP = NO;
				DEBUG_INFORMATION_FORMAT = "dwarf-with-dsym";
				ENABLE_HARDENED_RUNTIME = NO;
				ENABLE_NS_ASSERTIONS = NO;
				ENABLE_STRICT_OBJC_MSGSEND = YES;
				GCC_C_LANGUAGE_STANDARD = gnu11;
				GCC_NO_COMMON_BLOCKS = YES;
				GCC_WARN_64_TO_32_BIT_CONVERSION = YES;
				GCC_WARN_ABOUT_RETURN_TYPE = YES_ERROR;
				GCC_WARN_UNDECLARED_SELECTOR = YES;
				GCC_WARN_UNINITIALIZED_AUTOS = YES_AGGRESSIVE;
				GCC_WARN_UNUSED_FUNCTION = YES;
				GCC_WARN_UNUSED_VARIABLE = YES;
				IPHONEOS_DEPLOYMENT_TARGET = 16.2;
				MTL_ENABLE_DEBUG_INFO = NO;
				MTL_FAST_MATH = YES;
				SDKROOT = iphoneos;
				SWIFT_COMPILATION_MODE = wholemodule;
				SWIFT_OPTIMIZATION_LEVEL = "-O";
				VALIDATE_PRODUCT = YES;
			};
			name = Release;
		};
		9A9C1C8129EFEC10002E972A /* Debug */ = {
			isa = XCBuildConfiguration;
			buildSettings = {
				ASSETCATALOG_COMPILER_APPICON_NAME = AppIcon;
				ASSETCATALOG_COMPILER_GLOBAL_ACCENT_COLOR_NAME = AccentColor;
				CLANG_ENABLE_OBJC_ARC = NO;
				CODE_SIGN_ENTITLEMENTS = "smallCloud-iOS/Resource/smallCloud-iOS.entitlements";
				CODE_SIGN_STYLE = Automatic;
				CURRENT_PROJECT_VERSION = 1;
				DEVELOPMENT_TEAM = WCTHZ894XR;
				FRAMEWORK_SEARCH_PATHS = (
					"$(inherited)",
					"$(PROJECT_DIR)/smallCloud-iOS/DaumMap.embeddedframework",
				);
				GENERATE_INFOPLIST_FILE = YES;
				INFOPLIST_FILE = "smallCloud-iOS/Resource/Info.plist";
				INFOPLIST_KEY_CFBundleDisplayName = "Tag me";
				INFOPLIST_KEY_NFCReaderUsageDescription = "Allow NFC scanning";
				INFOPLIST_KEY_NSLocationAlwaysAndWhenInUseUsageDescription = "";
				INFOPLIST_KEY_NSLocationAlwaysUsageDescription = "";
				INFOPLIST_KEY_NSLocationWhenInUseUsageDescription = "";
				INFOPLIST_KEY_UIApplicationSupportsIndirectInputEvents = YES;
				INFOPLIST_KEY_UILaunchStoryboardName = LaunchScreen;
				INFOPLIST_KEY_UIMainStoryboardFile = Main;
				INFOPLIST_KEY_UISupportedInterfaceOrientations_iPad = "UIInterfaceOrientationPortrait UIInterfaceOrientationPortraitUpsideDown UIInterfaceOrientationLandscapeLeft UIInterfaceOrientationLandscapeRight";
				INFOPLIST_KEY_UISupportedInterfaceOrientations_iPhone = "UIInterfaceOrientationPortrait UIInterfaceOrientationLandscapeLeft UIInterfaceOrientationLandscapeRight";
				LD_RUNPATH_SEARCH_PATHS = (
					"$(inherited)",
					"@executable_path/Frameworks",
				);
				MARKETING_VERSION = 1.0;
				PRODUCT_BUNDLE_IDENTIFIER = "kr.idu.smallCloud.smallCloud-iOS";
				PRODUCT_NAME = "$(TARGET_NAME)";
				SWIFT_EMIT_LOC_STRINGS = YES;
				SWIFT_OBJC_BRIDGING_HEADER = "./smallCloud-iOS/Kakao-Map-Bridge-Header.h";
				SWIFT_VERSION = 5.0;
				TARGETED_DEVICE_FAMILY = "1,2";
			};
			name = Debug;
		};
		9A9C1C8229EFEC10002E972A /* Release */ = {
			isa = XCBuildConfiguration;
			buildSettings = {
				ASSETCATALOG_COMPILER_APPICON_NAME = AppIcon;
				ASSETCATALOG_COMPILER_GLOBAL_ACCENT_COLOR_NAME = AccentColor;
				CLANG_ENABLE_OBJC_ARC = NO;
				CODE_SIGN_ENTITLEMENTS = "smallCloud-iOS/Resource/smallCloud-iOS.entitlements";
				CODE_SIGN_STYLE = Automatic;
				CURRENT_PROJECT_VERSION = 1;
				DEVELOPMENT_TEAM = WCTHZ894XR;
				FRAMEWORK_SEARCH_PATHS = (
					"$(inherited)",
					"$(PROJECT_DIR)/smallCloud-iOS/DaumMap.embeddedframework",
				);
				GENERATE_INFOPLIST_FILE = YES;
				INFOPLIST_FILE = "smallCloud-iOS/Resource/Info.plist";
				INFOPLIST_KEY_CFBundleDisplayName = "Tag me";
				INFOPLIST_KEY_NFCReaderUsageDescription = "Allow NFC scanning";
				INFOPLIST_KEY_NSLocationAlwaysAndWhenInUseUsageDescription = "";
				INFOPLIST_KEY_NSLocationAlwaysUsageDescription = "";
				INFOPLIST_KEY_NSLocationWhenInUseUsageDescription = "";
				INFOPLIST_KEY_UIApplicationSupportsIndirectInputEvents = YES;
				INFOPLIST_KEY_UILaunchStoryboardName = LaunchScreen;
				INFOPLIST_KEY_UIMainStoryboardFile = Main;
				INFOPLIST_KEY_UISupportedInterfaceOrientations_iPad = "UIInterfaceOrientationPortrait UIInterfaceOrientationPortraitUpsideDown UIInterfaceOrientationLandscapeLeft UIInterfaceOrientationLandscapeRight";
				INFOPLIST_KEY_UISupportedInterfaceOrientations_iPhone = "UIInterfaceOrientationPortrait UIInterfaceOrientationLandscapeLeft UIInterfaceOrientationLandscapeRight";
				LD_RUNPATH_SEARCH_PATHS = (
					"$(inherited)",
					"@executable_path/Frameworks",
				);
				MARKETING_VERSION = 1.0;
				PRODUCT_BUNDLE_IDENTIFIER = "kr.idu.smallCloud.smallCloud-iOS";
				PRODUCT_NAME = "$(TARGET_NAME)";
				SWIFT_EMIT_LOC_STRINGS = YES;
				SWIFT_OBJC_BRIDGING_HEADER = "./smallCloud-iOS/Kakao-Map-Bridge-Header.h";
				SWIFT_VERSION = 5.0;
				TARGETED_DEVICE_FAMILY = "1,2";
			};
			name = Release;
		};
/* End XCBuildConfiguration section */

/* Begin XCConfigurationList section */
		9A9C1C6729EFEC0F002E972A /* Build configuration list for PBXProject "smallCloud-iOS" */ = {
			isa = XCConfigurationList;
			buildConfigurations = (
				9A9C1C7E29EFEC10002E972A /* Debug */,
				9A9C1C7F29EFEC10002E972A /* Release */,
			);
			defaultConfigurationIsVisible = 0;
			defaultConfigurationName = Release;
		};
		9A9C1C8029EFEC10002E972A /* Build configuration list for PBXNativeTarget "smallCloud-iOS" */ = {
			isa = XCConfigurationList;
			buildConfigurations = (
				9A9C1C8129EFEC10002E972A /* Debug */,
				9A9C1C8229EFEC10002E972A /* Release */,
			);
			defaultConfigurationIsVisible = 0;
			defaultConfigurationName = Release;
		};
/* End XCConfigurationList section */

/* Begin XCRemoteSwiftPackageReference section */
		9A1EE25C2A29051A00AA1549 /* XCRemoteSwiftPackageReference "SwiftyJSON" */ = {
			isa = XCRemoteSwiftPackageReference;
			repositoryURL = "https://github.com/SwiftyJSON/SwiftyJSON.git";
			requirement = {
				branch = master;
				kind = branch;
			};
		};
		9A4DF7E12A29DB13001BADF8 /* XCRemoteSwiftPackageReference "lottie-ios" */ = {
			isa = XCRemoteSwiftPackageReference;
			repositoryURL = "https://github.com/airbnb/lottie-ios";
			requirement = {
				branch = master;
				kind = branch;
			};
		};
		9A4DF7E42A29DB22001BADF8 /* XCRemoteSwiftPackageReference "Alamofire" */ = {
			isa = XCRemoteSwiftPackageReference;
			repositoryURL = "https://github.com/Alamofire/Alamofire.git";
			requirement = {
				kind = upToNextMajorVersion;
				minimumVersion = 5.0.0;
			};
		};
		9ACFE9EB2A33A1E500AC81BA /* XCRemoteSwiftPackageReference "firebase-ios-sdk" */ = {
			isa = XCRemoteSwiftPackageReference;
			repositoryURL = "https://github.com/firebase/firebase-ios-sdk";
			requirement = {
				kind = upToNextMajorVersion;
				minimumVersion = 9.0.0;
			};
		};
		9ACFE9F42A33A1FF00AC81BA /* XCRemoteSwiftPackageReference "SnapKit" */ = {
			isa = XCRemoteSwiftPackageReference;
			repositoryURL = "https://github.com/SnapKit/SnapKit.git";
			requirement = {
				kind = upToNextMajorVersion;
				minimumVersion = 5.0.0;
			};
		};
		9ACFEA222A33B07800AC81BA /* XCRemoteSwiftPackageReference "MessageKit" */ = {
			isa = XCRemoteSwiftPackageReference;
			repositoryURL = "https://github.com/MessageKit/MessageKit";
			requirement = {
				kind = exactVersion;
				version = 3.7.0;
			};
		};
/* End XCRemoteSwiftPackageReference section */

/* Begin XCSwiftPackageProductDependency section */
		9A1EE25D2A29051A00AA1549 /* SwiftyJSON */ = {
			isa = XCSwiftPackageProductDependency;
			package = 9A1EE25C2A29051A00AA1549 /* XCRemoteSwiftPackageReference "SwiftyJSON" */;
			productName = SwiftyJSON;
		};
		9A4DF7E22A29DB13001BADF8 /* Lottie */ = {
			isa = XCSwiftPackageProductDependency;
			package = 9A4DF7E12A29DB13001BADF8 /* XCRemoteSwiftPackageReference "lottie-ios" */;
			productName = Lottie;
		};
		9A4DF7E52A29DB22001BADF8 /* Alamofire */ = {
			isa = XCSwiftPackageProductDependency;
			package = 9A4DF7E42A29DB22001BADF8 /* XCRemoteSwiftPackageReference "Alamofire" */;
			productName = Alamofire;
		};
		9ACFE9EC2A33A1E500AC81BA /* FirebaseAuth */ = {
			isa = XCSwiftPackageProductDependency;
			package = 9ACFE9EB2A33A1E500AC81BA /* XCRemoteSwiftPackageReference "firebase-ios-sdk" */;
			productName = FirebaseAuth;
		};
		9ACFE9EE2A33A1E500AC81BA /* FirebaseFirestore */ = {
			isa = XCSwiftPackageProductDependency;
			package = 9ACFE9EB2A33A1E500AC81BA /* XCRemoteSwiftPackageReference "firebase-ios-sdk" */;
			productName = FirebaseFirestore;
		};
		9ACFE9F02A33A1E500AC81BA /* FirebaseFirestoreSwift */ = {
			isa = XCSwiftPackageProductDependency;
			package = 9ACFE9EB2A33A1E500AC81BA /* XCRemoteSwiftPackageReference "firebase-ios-sdk" */;
			productName = FirebaseFirestoreSwift;
		};
		9ACFE9F22A33A1E500AC81BA /* FirebaseStorage */ = {
			isa = XCSwiftPackageProductDependency;
			package = 9ACFE9EB2A33A1E500AC81BA /* XCRemoteSwiftPackageReference "firebase-ios-sdk" */;
			productName = FirebaseStorage;
		};
		9ACFE9F52A33A1FF00AC81BA /* SnapKit */ = {
			isa = XCSwiftPackageProductDependency;
			package = 9ACFE9F42A33A1FF00AC81BA /* XCRemoteSwiftPackageReference "SnapKit" */;
			productName = SnapKit;
		};
		9ACFEA232A33B07800AC81BA /* MessageKit */ = {
			isa = XCSwiftPackageProductDependency;
			package = 9ACFEA222A33B07800AC81BA /* XCRemoteSwiftPackageReference "MessageKit" */;
			productName = MessageKit;
		};
/* End XCSwiftPackageProductDependency section */

/* Begin XCVersionGroup section */
		9A3332212A27481C0057215A /* Data.xcdatamodeld */ = {
			isa = XCVersionGroup;
			children = (
				9A3332222A27481C0057215A /* userInfo.xcdatamodel */,
			);
			currentVersion = 9A3332222A27481C0057215A /* userInfo.xcdatamodel */;
			path = Data.xcdatamodeld;
			sourceTree = "<group>";
			versionGroupType = wrapper.xcdatamodel;
		};
/* End XCVersionGroup section */
	};
	rootObject = 9A9C1C6429EFEC0F002E972A /* Project object */;
}
