// !$*UTF8*$!
{
	archiveVersion = 1;
	classes = {
	};
	objectVersion = 56;
	objects = {

/* Begin PBXBuildFile section */
		38E5C6CE2A28720F0091E300 /* map_pinup_custom@3x.png in Resources */ = {isa = PBXBuildFile; fileRef = 38E5C6A92A28720F0091E300 /* map_pinup_custom@3x.png */; };
		38E5C6CF2A28720F0091E300 /* map_pin_custom.png in Resources */ = {isa = PBXBuildFile; fileRef = 38E5C6AA2A28720F0091E300 /* map_pin_custom.png */; };
		38E5C6D02A28720F0091E300 /* shadow_balloon.png in Resources */ = {isa = PBXBuildFile; fileRef = 38E5C6AB2A28720F0091E300 /* shadow_balloon.png */; };
		38E5C6D12A28720F0091E300 /* map_pinup.png in Resources */ = {isa = PBXBuildFile; fileRef = 38E5C6AC2A28720F0091E300 /* map_pinup.png */; };
		38E5C6D22A28720F0091E300 /* detail_button.png in Resources */ = {isa = PBXBuildFile; fileRef = 38E5C6AD2A28720F0091E300 /* detail_button.png */; };
		38E5C6D32A28720F0091E300 /* map_pin_custom@3x.png in Resources */ = {isa = PBXBuildFile; fileRef = 38E5C6AE2A28720F0091E300 /* map_pin_custom@3x.png */; };
		38E5C6D42A28720F0091E300 /* map_pinup@3x.png in Resources */ = {isa = PBXBuildFile; fileRef = 38E5C6AF2A28720F0091E300 /* map_pinup@3x.png */; };
		38E5C6D52A28720F0091E300 /* map_pin_shadow@3x.png in Resources */ = {isa = PBXBuildFile; fileRef = 38E5C6B02A28720F0091E300 /* map_pin_shadow@3x.png */; };
		38E5C6D62A28720F0091E300 /* copyright.png in Resources */ = {isa = PBXBuildFile; fileRef = 38E5C6B12A28720F0091E300 /* copyright.png */; };
		38E5C6D72A28720F0091E300 /* th_line.png in Resources */ = {isa = PBXBuildFile; fileRef = 38E5C6B22A28720F0091E300 /* th_line.png */; };
		38E5C6D82A28720F0091E300 /* map_pin_red@3x.png in Resources */ = {isa = PBXBuildFile; fileRef = 38E5C6B32A28720F0091E300 /* map_pin_red@3x.png */; };
		38E5C6D92A28720F0091E300 /* daum_copyright.png in Resources */ = {isa = PBXBuildFile; fileRef = 38E5C6B42A28720F0091E300 /* daum_copyright.png */; };
		38E5C6DA2A28720F0091E300 /* map_pin@3x.png in Resources */ = {isa = PBXBuildFile; fileRef = 38E5C6B52A28720F0091E300 /* map_pin@3x.png */; };
		38E5C6DB2A28720F0091E300 /* map_present_tracking.png in Resources */ = {isa = PBXBuildFile; fileRef = 38E5C6B62A28720F0091E300 /* map_present_tracking.png */; };
		38E5C6DC2A28720F0091E300 /* map_pin_red.png in Resources */ = {isa = PBXBuildFile; fileRef = 38E5C6B72A28720F0091E300 /* map_pin_red.png */; };
		38E5C6DD2A28720F0091E300 /* info_box.png in Resources */ = {isa = PBXBuildFile; fileRef = 38E5C6C12A28720F0091E300 /* info_box.png */; };
		38E5C6DE2A28720F0091E300 /* point_sprite.png in Resources */ = {isa = PBXBuildFile; fileRef = 38E5C6C22A28720F0091E300 /* point_sprite.png */; };
		38E5C6DF2A28720F0091E300 /* map_pinup_custom.png in Resources */ = {isa = PBXBuildFile; fileRef = 38E5C6C32A28720F0091E300 /* map_pinup_custom.png */; };
		38E5C6E02A28720F0091E300 /* info_box_tail.png in Resources */ = {isa = PBXBuildFile; fileRef = 38E5C6C42A28720F0091E300 /* info_box_tail.png */; };
		38E5C6E12A28720F0091E300 /* noimage256.png in Resources */ = {isa = PBXBuildFile; fileRef = 38E5C6C52A28720F0091E300 /* noimage256.png */; };
		38E5C6E22A28720F0091E300 /* map_present_direction.png in Resources */ = {isa = PBXBuildFile; fileRef = 38E5C6C62A28720F0091E300 /* map_present_direction.png */; };
		38E5C6E32A28720F0091E300 /* map_pin.png in Resources */ = {isa = PBXBuildFile; fileRef = 38E5C6C72A28720F0091E300 /* map_pin.png */; };
		38E5C6E42A28720F0091E300 /* map_present.png in Resources */ = {isa = PBXBuildFile; fileRef = 38E5C6C82A28720F0091E300 /* map_present.png */; };
		38E5C6E52A28720F0091E300 /* noimage.png in Resources */ = {isa = PBXBuildFile; fileRef = 38E5C6C92A28720F0091E300 /* noimage.png */; };
		38E5C6E62A28720F0091E300 /* map_present_background_update.png in Resources */ = {isa = PBXBuildFile; fileRef = 38E5C6CA2A28720F0091E300 /* map_present_background_update.png */; };
		38E5C6E72A28720F0091E300 /* daum_th_line.png in Resources */ = {isa = PBXBuildFile; fileRef = 38E5C6CB2A28720F0091E300 /* daum_th_line.png */; };
		38E5C6E82A28720F0091E300 /* map_pin_shadow.png in Resources */ = {isa = PBXBuildFile; fileRef = 38E5C6CC2A28720F0091E300 /* map_pin_shadow.png */; };
		38E5C6E92A28720F0091E300 /* DaumMap.framework in Frameworks */ = {isa = PBXBuildFile; fileRef = 38E5C6CD2A28720F0091E300 /* DaumMap.framework */; };
		9A9C1C7029EFEC0F002E972A /* AppDelegate.swift in Sources */ = {isa = PBXBuildFile; fileRef = 9A9C1C6F29EFEC0F002E972A /* AppDelegate.swift */; };
		9A9C1C7229EFEC0F002E972A /* SceneDelegate.swift in Sources */ = {isa = PBXBuildFile; fileRef = 9A9C1C7129EFEC0F002E972A /* SceneDelegate.swift */; };
		9A9C1C7429EFEC0F002E972A /* ViewController.swift in Sources */ = {isa = PBXBuildFile; fileRef = 9A9C1C7329EFEC0F002E972A /* ViewController.swift */; };
		9A9C1C7729EFEC0F002E972A /* Main.storyboard in Resources */ = {isa = PBXBuildFile; fileRef = 9A9C1C7529EFEC0F002E972A /* Main.storyboard */; };
		9A9C1C7929EFEC10002E972A /* Assets.xcassets in Resources */ = {isa = PBXBuildFile; fileRef = 9A9C1C7829EFEC10002E972A /* Assets.xcassets */; };
		9A9C1C7C29EFEC10002E972A /* LaunchScreen.storyboard in Resources */ = {isa = PBXBuildFile; fileRef = 9A9C1C7A29EFEC10002E972A /* LaunchScreen.storyboard */; };
/* End PBXBuildFile section */

/* Begin PBXFileReference section */
		38E5C6A92A28720F0091E300 /* map_pinup_custom@3x.png */ = {isa = PBXFileReference; lastKnownFileType = image.png; path = "map_pinup_custom@3x.png"; sourceTree = "<group>"; };
		38E5C6AA2A28720F0091E300 /* map_pin_custom.png */ = {isa = PBXFileReference; lastKnownFileType = image.png; path = map_pin_custom.png; sourceTree = "<group>"; };
		38E5C6AB2A28720F0091E300 /* shadow_balloon.png */ = {isa = PBXFileReference; lastKnownFileType = image.png; path = shadow_balloon.png; sourceTree = "<group>"; };
		38E5C6AC2A28720F0091E300 /* map_pinup.png */ = {isa = PBXFileReference; lastKnownFileType = image.png; path = map_pinup.png; sourceTree = "<group>"; };
		38E5C6AD2A28720F0091E300 /* detail_button.png */ = {isa = PBXFileReference; lastKnownFileType = image.png; path = detail_button.png; sourceTree = "<group>"; };
		38E5C6AE2A28720F0091E300 /* map_pin_custom@3x.png */ = {isa = PBXFileReference; lastKnownFileType = image.png; path = "map_pin_custom@3x.png"; sourceTree = "<group>"; };
		38E5C6AF2A28720F0091E300 /* map_pinup@3x.png */ = {isa = PBXFileReference; lastKnownFileType = image.png; path = "map_pinup@3x.png"; sourceTree = "<group>"; };
		38E5C6B02A28720F0091E300 /* map_pin_shadow@3x.png */ = {isa = PBXFileReference; lastKnownFileType = image.png; path = "map_pin_shadow@3x.png"; sourceTree = "<group>"; };
		38E5C6B12A28720F0091E300 /* copyright.png */ = {isa = PBXFileReference; lastKnownFileType = image.png; path = copyright.png; sourceTree = "<group>"; };
		38E5C6B22A28720F0091E300 /* th_line.png */ = {isa = PBXFileReference; lastKnownFileType = image.png; path = th_line.png; sourceTree = "<group>"; };
		38E5C6B32A28720F0091E300 /* map_pin_red@3x.png */ = {isa = PBXFileReference; lastKnownFileType = image.png; path = "map_pin_red@3x.png"; sourceTree = "<group>"; };
		38E5C6B42A28720F0091E300 /* daum_copyright.png */ = {isa = PBXFileReference; lastKnownFileType = image.png; path = daum_copyright.png; sourceTree = "<group>"; };
		38E5C6B52A28720F0091E300 /* map_pin@3x.png */ = {isa = PBXFileReference; lastKnownFileType = image.png; path = "map_pin@3x.png"; sourceTree = "<group>"; };
		38E5C6B62A28720F0091E300 /* map_present_tracking.png */ = {isa = PBXFileReference; lastKnownFileType = image.png; path = map_present_tracking.png; sourceTree = "<group>"; };
		38E5C6B72A28720F0091E300 /* map_pin_red.png */ = {isa = PBXFileReference; lastKnownFileType = image.png; path = map_pin_red.png; sourceTree = "<group>"; };
		38E5C6B92A28720F0091E300 /* MTMapPOIItem.h */ = {isa = PBXFileReference; fileEncoding = 4; lastKnownFileType = sourcecode.c.h; path = MTMapPOIItem.h; sourceTree = "<group>"; };
		38E5C6BA2A28720F0091E300 /* MTMapCameraUpdate.h */ = {isa = PBXFileReference; fileEncoding = 4; lastKnownFileType = sourcecode.c.h; path = MTMapCameraUpdate.h; sourceTree = "<group>"; };
		38E5C6BB2A28720F0091E300 /* MTMapReverseGeoCoder.h */ = {isa = PBXFileReference; fileEncoding = 4; lastKnownFileType = sourcecode.c.h; path = MTMapReverseGeoCoder.h; sourceTree = "<group>"; };
		38E5C6BC2A28720F0091E300 /* MTMapPolyline.h */ = {isa = PBXFileReference; fileEncoding = 4; lastKnownFileType = sourcecode.c.h; path = MTMapPolyline.h; sourceTree = "<group>"; };
		38E5C6BD2A28720F0091E300 /* MTMapLocationMarkerItem.h */ = {isa = PBXFileReference; fileEncoding = 4; lastKnownFileType = sourcecode.c.h; path = MTMapLocationMarkerItem.h; sourceTree = "<group>"; };
		38E5C6BE2A28720F0091E300 /* MTMapView.h */ = {isa = PBXFileReference; fileEncoding = 4; lastKnownFileType = sourcecode.c.h; path = MTMapView.h; sourceTree = "<group>"; };
		38E5C6BF2A28720F0091E300 /* MTMapGeometry.h */ = {isa = PBXFileReference; fileEncoding = 4; lastKnownFileType = sourcecode.c.h; path = MTMapGeometry.h; sourceTree = "<group>"; };
		38E5C6C02A28720F0091E300 /* MTMapCircle.h */ = {isa = PBXFileReference; fileEncoding = 4; lastKnownFileType = sourcecode.c.h; path = MTMapCircle.h; sourceTree = "<group>"; };
		38E5C6C12A28720F0091E300 /* info_box.png */ = {isa = PBXFileReference; lastKnownFileType = image.png; path = info_box.png; sourceTree = "<group>"; };
		38E5C6C22A28720F0091E300 /* point_sprite.png */ = {isa = PBXFileReference; lastKnownFileType = image.png; path = point_sprite.png; sourceTree = "<group>"; };
		38E5C6C32A28720F0091E300 /* map_pinup_custom.png */ = {isa = PBXFileReference; lastKnownFileType = image.png; path = map_pinup_custom.png; sourceTree = "<group>"; };
		38E5C6C42A28720F0091E300 /* info_box_tail.png */ = {isa = PBXFileReference; lastKnownFileType = image.png; path = info_box_tail.png; sourceTree = "<group>"; };
		38E5C6C52A28720F0091E300 /* noimage256.png */ = {isa = PBXFileReference; lastKnownFileType = image.png; path = noimage256.png; sourceTree = "<group>"; };
		38E5C6C62A28720F0091E300 /* map_present_direction.png */ = {isa = PBXFileReference; lastKnownFileType = image.png; path = map_present_direction.png; sourceTree = "<group>"; };
		38E5C6C72A28720F0091E300 /* map_pin.png */ = {isa = PBXFileReference; lastKnownFileType = image.png; path = map_pin.png; sourceTree = "<group>"; };
		38E5C6C82A28720F0091E300 /* map_present.png */ = {isa = PBXFileReference; lastKnownFileType = image.png; path = map_present.png; sourceTree = "<group>"; };
		38E5C6C92A28720F0091E300 /* noimage.png */ = {isa = PBXFileReference; lastKnownFileType = image.png; path = noimage.png; sourceTree = "<group>"; };
		38E5C6CA2A28720F0091E300 /* map_present_background_update.png */ = {isa = PBXFileReference; lastKnownFileType = image.png; path = map_present_background_update.png; sourceTree = "<group>"; };
		38E5C6CB2A28720F0091E300 /* daum_th_line.png */ = {isa = PBXFileReference; lastKnownFileType = image.png; path = daum_th_line.png; sourceTree = "<group>"; };
		38E5C6CC2A28720F0091E300 /* map_pin_shadow.png */ = {isa = PBXFileReference; lastKnownFileType = image.png; path = map_pin_shadow.png; sourceTree = "<group>"; };
		38E5C6CD2A28720F0091E300 /* DaumMap.framework */ = {isa = PBXFileReference; lastKnownFileType = wrapper.framework; path = DaumMap.framework; sourceTree = "<group>"; };
		9A9C1C6C29EFEC0F002E972A /* smallCloud-iOS.app */ = {isa = PBXFileReference; explicitFileType = wrapper.application; includeInIndex = 0; path = "smallCloud-iOS.app"; sourceTree = BUILT_PRODUCTS_DIR; };
		9A9C1C6F29EFEC0F002E972A /* AppDelegate.swift */ = {isa = PBXFileReference; lastKnownFileType = sourcecode.swift; path = AppDelegate.swift; sourceTree = "<group>"; };
		9A9C1C7129EFEC0F002E972A /* SceneDelegate.swift */ = {isa = PBXFileReference; lastKnownFileType = sourcecode.swift; path = SceneDelegate.swift; sourceTree = "<group>"; };
		9A9C1C7329EFEC0F002E972A /* ViewController.swift */ = {isa = PBXFileReference; lastKnownFileType = sourcecode.swift; path = ViewController.swift; sourceTree = "<group>"; };
		9A9C1C7629EFEC0F002E972A /* Base */ = {isa = PBXFileReference; lastKnownFileType = file.storyboard; name = Base; path = Base.lproj/Main.storyboard; sourceTree = "<group>"; };
		9A9C1C7829EFEC10002E972A /* Assets.xcassets */ = {isa = PBXFileReference; lastKnownFileType = folder.assetcatalog; path = Assets.xcassets; sourceTree = "<group>"; };
		9A9C1C7B29EFEC10002E972A /* Base */ = {isa = PBXFileReference; lastKnownFileType = file.storyboard; name = Base; path = Base.lproj/LaunchScreen.storyboard; sourceTree = "<group>"; };
		9A9C1C7D29EFEC10002E972A /* Info.plist */ = {isa = PBXFileReference; lastKnownFileType = text.plist.xml; path = Info.plist; sourceTree = "<group>"; };
/* End PBXFileReference section */

/* Begin PBXFrameworksBuildPhase section */
		9A9C1C6929EFEC0F002E972A /* Frameworks */ = {
			isa = PBXFrameworksBuildPhase;
			buildActionMask = 2147483647;
			files = (
				38E5C6E92A28720F0091E300 /* DaumMap.framework in Frameworks */,
			);
			runOnlyForDeploymentPostprocessing = 0;
		};
/* End PBXFrameworksBuildPhase section */

/* Begin PBXGroup section */
		38E5C6A72A28720F0091E300 /* DaumMap.embeddedframework */ = {
			isa = PBXGroup;
			children = (
				38E5C6A82A28720F0091E300 /* Resources */,
				38E5C6CD2A28720F0091E300 /* DaumMap.framework */,
			);
			path = DaumMap.embeddedframework;
			sourceTree = "<group>";
		};
		38E5C6A82A28720F0091E300 /* Resources */ = {
			isa = PBXGroup;
			children = (
				38E5C6A92A28720F0091E300 /* map_pinup_custom@3x.png */,
				38E5C6AA2A28720F0091E300 /* map_pin_custom.png */,
				38E5C6AB2A28720F0091E300 /* shadow_balloon.png */,
				38E5C6AC2A28720F0091E300 /* map_pinup.png */,
				38E5C6AD2A28720F0091E300 /* detail_button.png */,
				38E5C6AE2A28720F0091E300 /* map_pin_custom@3x.png */,
				38E5C6AF2A28720F0091E300 /* map_pinup@3x.png */,
				38E5C6B02A28720F0091E300 /* map_pin_shadow@3x.png */,
				38E5C6B12A28720F0091E300 /* copyright.png */,
				38E5C6B22A28720F0091E300 /* th_line.png */,
				38E5C6B32A28720F0091E300 /* map_pin_red@3x.png */,
				38E5C6B42A28720F0091E300 /* daum_copyright.png */,
				38E5C6B52A28720F0091E300 /* map_pin@3x.png */,
				38E5C6B62A28720F0091E300 /* map_present_tracking.png */,
				38E5C6B72A28720F0091E300 /* map_pin_red.png */,
				38E5C6B82A28720F0091E300 /* Headers */,
				38E5C6C12A28720F0091E300 /* info_box.png */,
				38E5C6C22A28720F0091E300 /* point_sprite.png */,
				38E5C6C32A28720F0091E300 /* map_pinup_custom.png */,
				38E5C6C42A28720F0091E300 /* info_box_tail.png */,
				38E5C6C52A28720F0091E300 /* noimage256.png */,
				38E5C6C62A28720F0091E300 /* map_present_direction.png */,
				38E5C6C72A28720F0091E300 /* map_pin.png */,
				38E5C6C82A28720F0091E300 /* map_present.png */,
				38E5C6C92A28720F0091E300 /* noimage.png */,
				38E5C6CA2A28720F0091E300 /* map_present_background_update.png */,
				38E5C6CB2A28720F0091E300 /* daum_th_line.png */,
				38E5C6CC2A28720F0091E300 /* map_pin_shadow.png */,
			);
			path = Resources;
			sourceTree = "<group>";
		};
		38E5C6B82A28720F0091E300 /* Headers */ = {
			isa = PBXGroup;
			children = (
				38E5C6B92A28720F0091E300 /* MTMapPOIItem.h */,
				38E5C6BA2A28720F0091E300 /* MTMapCameraUpdate.h */,
				38E5C6BB2A28720F0091E300 /* MTMapReverseGeoCoder.h */,
				38E5C6BC2A28720F0091E300 /* MTMapPolyline.h */,
				38E5C6BD2A28720F0091E300 /* MTMapLocationMarkerItem.h */,
				38E5C6BE2A28720F0091E300 /* MTMapView.h */,
				38E5C6BF2A28720F0091E300 /* MTMapGeometry.h */,
				38E5C6C02A28720F0091E300 /* MTMapCircle.h */,
			);
			path = Headers;
			sourceTree = "<group>";
		};
		9A9C1C6329EFEC0F002E972A = {
			isa = PBXGroup;
			children = (
				9A9C1C6E29EFEC0F002E972A /* smallCloud-iOS */,
				9A9C1C6D29EFEC0F002E972A /* Products */,
			);
			sourceTree = "<group>";
		};
		9A9C1C6D29EFEC0F002E972A /* Products */ = {
			isa = PBXGroup;
			children = (
				9A9C1C6C29EFEC0F002E972A /* smallCloud-iOS.app */,
			);
			name = Products;
			sourceTree = "<group>";
		};
		9A9C1C6E29EFEC0F002E972A /* smallCloud-iOS */ = {
			isa = PBXGroup;
			children = (
				9A9C1C6F29EFEC0F002E972A /* AppDelegate.swift */,
				9A9C1C7129EFEC0F002E972A /* SceneDelegate.swift */,
				9A9C1C7329EFEC0F002E972A /* ViewController.swift */,
				9A9C1C7529EFEC0F002E972A /* Main.storyboard */,
				9A9C1C7829EFEC10002E972A /* Assets.xcassets */,
				9A9C1C7A29EFEC10002E972A /* LaunchScreen.storyboard */,
				9A9C1C7D29EFEC10002E972A /* Info.plist */,
				38E5C6A72A28720F0091E300 /* DaumMap.embeddedframework */,
			);
			path = "smallCloud-iOS";
			sourceTree = "<group>";
		};
/* End PBXGroup section */

/* Begin PBXNativeTarget section */
		9A9C1C6B29EFEC0F002E972A /* smallCloud-iOS */ = {
			isa = PBXNativeTarget;
			buildConfigurationList = 9A9C1C8029EFEC10002E972A /* Build configuration list for PBXNativeTarget "smallCloud-iOS" */;
			buildPhases = (
				9A9C1C6829EFEC0F002E972A /* Sources */,
				9A9C1C6929EFEC0F002E972A /* Frameworks */,
				9A9C1C6A29EFEC0F002E972A /* Resources */,
			);
			buildRules = (
			);
			dependencies = (
			);
			name = "smallCloud-iOS";
			productName = "smallCloud-iOS";
			productReference = 9A9C1C6C29EFEC0F002E972A /* smallCloud-iOS.app */;
			productType = "com.apple.product-type.application";
		};
/* End PBXNativeTarget section */

/* Begin PBXProject section */
		9A9C1C6429EFEC0F002E972A /* Project object */ = {
			isa = PBXProject;
			attributes = {
				BuildIndependentTargetsInParallel = 1;
				LastSwiftUpdateCheck = 1420;
				LastUpgradeCheck = 1420;
				TargetAttributes = {
					9A9C1C6B29EFEC0F002E972A = {
						CreatedOnToolsVersion = 14.2;
					};
				};
			};
			buildConfigurationList = 9A9C1C6729EFEC0F002E972A /* Build configuration list for PBXProject "smallCloud-iOS" */;
			compatibilityVersion = "Xcode 14.0";
			developmentRegion = en;
			hasScannedForEncodings = 0;
			knownRegions = (
				en,
				Base,
			);
			mainGroup = 9A9C1C6329EFEC0F002E972A;
			productRefGroup = 9A9C1C6D29EFEC0F002E972A /* Products */;
			projectDirPath = "";
			projectRoot = "";
			targets = (
				9A9C1C6B29EFEC0F002E972A /* smallCloud-iOS */,
			);
		};
/* End PBXProject section */

/* Begin PBXResourcesBuildPhase section */
		9A9C1C6A29EFEC0F002E972A /* Resources */ = {
			isa = PBXResourcesBuildPhase;
			buildActionMask = 2147483647;
			files = (
				38E5C6E42A28720F0091E300 /* map_present.png in Resources */,
				38E5C6DA2A28720F0091E300 /* map_pin@3x.png in Resources */,
				38E5C6D82A28720F0091E300 /* map_pin_red@3x.png in Resources */,
				38E5C6E32A28720F0091E300 /* map_pin.png in Resources */,
				38E5C6DC2A28720F0091E300 /* map_pin_red.png in Resources */,
				38E5C6CE2A28720F0091E300 /* map_pinup_custom@3x.png in Resources */,
				38E5C6D62A28720F0091E300 /* copyright.png in Resources */,
				38E5C6D52A28720F0091E300 /* map_pin_shadow@3x.png in Resources */,
				9A9C1C7C29EFEC10002E972A /* LaunchScreen.storyboard in Resources */,
				38E5C6D92A28720F0091E300 /* daum_copyright.png in Resources */,
				38E5C6DD2A28720F0091E300 /* info_box.png in Resources */,
				38E5C6D32A28720F0091E300 /* map_pin_custom@3x.png in Resources */,
				38E5C6E82A28720F0091E300 /* map_pin_shadow.png in Resources */,
				38E5C6DB2A28720F0091E300 /* map_present_tracking.png in Resources */,
				38E5C6D22A28720F0091E300 /* detail_button.png in Resources */,
				38E5C6E52A28720F0091E300 /* noimage.png in Resources */,
				38E5C6D72A28720F0091E300 /* th_line.png in Resources */,
				38E5C6E02A28720F0091E300 /* info_box_tail.png in Resources */,
				38E5C6CF2A28720F0091E300 /* map_pin_custom.png in Resources */,
				38E5C6DF2A28720F0091E300 /* map_pinup_custom.png in Resources */,
				38E5C6D42A28720F0091E300 /* map_pinup@3x.png in Resources */,
				38E5C6DE2A28720F0091E300 /* point_sprite.png in Resources */,
				38E5C6E62A28720F0091E300 /* map_present_background_update.png in Resources */,
				38E5C6E22A28720F0091E300 /* map_present_direction.png in Resources */,
				38E5C6E12A28720F0091E300 /* noimage256.png in Resources */,
				38E5C6D02A28720F0091E300 /* shadow_balloon.png in Resources */,
				9A9C1C7929EFEC10002E972A /* Assets.xcassets in Resources */,
				9A9C1C7729EFEC0F002E972A /* Main.storyboard in Resources */,
				38E5C6E72A28720F0091E300 /* daum_th_line.png in Resources */,
				38E5C6D12A28720F0091E300 /* map_pinup.png in Resources */,
			);
			runOnlyForDeploymentPostprocessing = 0;
		};
/* End PBXResourcesBuildPhase section */

/* Begin PBXSourcesBuildPhase section */
		9A9C1C6829EFEC0F002E972A /* Sources */ = {
			isa = PBXSourcesBuildPhase;
			buildActionMask = 2147483647;
			files = (
				9A9C1C7429EFEC0F002E972A /* ViewController.swift in Sources */,
				9A9C1C7029EFEC0F002E972A /* AppDelegate.swift in Sources */,
				9A9C1C7229EFEC0F002E972A /* SceneDelegate.swift in Sources */,
			);
			runOnlyForDeploymentPostprocessing = 0;
		};
/* End PBXSourcesBuildPhase section */

/* Begin PBXVariantGroup section */
		9A9C1C7529EFEC0F002E972A /* Main.storyboard */ = {
			isa = PBXVariantGroup;
			children = (
				9A9C1C7629EFEC0F002E972A /* Base */,
			);
			name = Main.storyboard;
			sourceTree = "<group>";
		};
		9A9C1C7A29EFEC10002E972A /* LaunchScreen.storyboard */ = {
			isa = PBXVariantGroup;
			children = (
				9A9C1C7B29EFEC10002E972A /* Base */,
			);
			name = LaunchScreen.storyboard;
			sourceTree = "<group>";
		};
/* End PBXVariantGroup section */

/* Begin XCBuildConfiguration section */
		9A9C1C7E29EFEC10002E972A /* Debug */ = {
			isa = XCBuildConfiguration;
			buildSettings = {
				ALWAYS_SEARCH_USER_PATHS = NO;
				CLANG_ANALYZER_NONNULL = YES;
				CLANG_ANALYZER_NUMBER_OBJECT_CONVERSION = YES_AGGRESSIVE;
				CLANG_CXX_LANGUAGE_STANDARD = "gnu++20";
				CLANG_ENABLE_MODULES = YES;
				CLANG_ENABLE_OBJC_ARC = YES;
				CLANG_ENABLE_OBJC_WEAK = YES;
				CLANG_WARN_BLOCK_CAPTURE_AUTORELEASING = YES;
				CLANG_WARN_BOOL_CONVERSION = YES;
				CLANG_WARN_COMMA = YES;
				CLANG_WARN_CONSTANT_CONVERSION = YES;
				CLANG_WARN_DEPRECATED_OBJC_IMPLEMENTATIONS = YES;
				CLANG_WARN_DIRECT_OBJC_ISA_USAGE = YES_ERROR;
				CLANG_WARN_DOCUMENTATION_COMMENTS = YES;
				CLANG_WARN_EMPTY_BODY = YES;
				CLANG_WARN_ENUM_CONVERSION = YES;
				CLANG_WARN_INFINITE_RECURSION = YES;
				CLANG_WARN_INT_CONVERSION = YES;
				CLANG_WARN_NON_LITERAL_NULL_CONVERSION = YES;
				CLANG_WARN_OBJC_IMPLICIT_RETAIN_SELF = YES;
				CLANG_WARN_OBJC_LITERAL_CONVERSION = YES;
				CLANG_WARN_OBJC_ROOT_CLASS = YES_ERROR;
				CLANG_WARN_QUOTED_INCLUDE_IN_FRAMEWORK_HEADER = YES;
				CLANG_WARN_RANGE_LOOP_ANALYSIS = YES;
				CLANG_WARN_STRICT_PROTOTYPES = YES;
				CLANG_WARN_SUSPICIOUS_MOVE = YES;
				CLANG_WARN_UNGUARDED_AVAILABILITY = YES_AGGRESSIVE;
				CLANG_WARN_UNREACHABLE_CODE = YES;
				CLANG_WARN__DUPLICATE_METHOD_MATCH = YES;
				COPY_PHASE_STRIP = NO;
				DEBUG_INFORMATION_FORMAT = dwarf;
				ENABLE_STRICT_OBJC_MSGSEND = YES;
				ENABLE_TESTABILITY = YES;
				GCC_C_LANGUAGE_STANDARD = gnu11;
				GCC_DYNAMIC_NO_PIC = NO;
				GCC_NO_COMMON_BLOCKS = YES;
				GCC_OPTIMIZATION_LEVEL = 0;
				GCC_PREPROCESSOR_DEFINITIONS = (
					"DEBUG=1",
					"$(inherited)",
				);
				GCC_WARN_64_TO_32_BIT_CONVERSION = YES;
				GCC_WARN_ABOUT_RETURN_TYPE = YES_ERROR;
				GCC_WARN_UNDECLARED_SELECTOR = YES;
				GCC_WARN_UNINITIALIZED_AUTOS = YES_AGGRESSIVE;
				GCC_WARN_UNUSED_FUNCTION = YES;
				GCC_WARN_UNUSED_VARIABLE = YES;
				IPHONEOS_DEPLOYMENT_TARGET = 16.2;
				MTL_ENABLE_DEBUG_INFO = INCLUDE_SOURCE;
				MTL_FAST_MATH = YES;
				ONLY_ACTIVE_ARCH = YES;
				SDKROOT = iphoneos;
				SWIFT_ACTIVE_COMPILATION_CONDITIONS = DEBUG;
				SWIFT_OPTIMIZATION_LEVEL = "-Onone";
			};
			name = Debug;
		};
		9A9C1C7F29EFEC10002E972A /* Release */ = {
			isa = XCBuildConfiguration;
			buildSettings = {
				ALWAYS_SEARCH_USER_PATHS = NO;
				CLANG_ANALYZER_NONNULL = YES;
				CLANG_ANALYZER_NUMBER_OBJECT_CONVERSION = YES_AGGRESSIVE;
				CLANG_CXX_LANGUAGE_STANDARD = "gnu++20";
				CLANG_ENABLE_MODULES = YES;
				CLANG_ENABLE_OBJC_ARC = YES;
				CLANG_ENABLE_OBJC_WEAK = YES;
				CLANG_WARN_BLOCK_CAPTURE_AUTORELEASING = YES;
				CLANG_WARN_BOOL_CONVERSION = YES;
				CLANG_WARN_COMMA = YES;
				CLANG_WARN_CONSTANT_CONVERSION = YES;
				CLANG_WARN_DEPRECATED_OBJC_IMPLEMENTATIONS = YES;
				CLANG_WARN_DIRECT_OBJC_ISA_USAGE = YES_ERROR;
				CLANG_WARN_DOCUMENTATION_COMMENTS = YES;
				CLANG_WARN_EMPTY_BODY = YES;
				CLANG_WARN_ENUM_CONVERSION = YES;
				CLANG_WARN_INFINITE_RECURSION = YES;
				CLANG_WARN_INT_CONVERSION = YES;
				CLANG_WARN_NON_LITERAL_NULL_CONVERSION = YES;
				CLANG_WARN_OBJC_IMPLICIT_RETAIN_SELF = YES;
				CLANG_WARN_OBJC_LITERAL_CONVERSION = YES;
				CLANG_WARN_OBJC_ROOT_CLASS = YES_ERROR;
				CLANG_WARN_QUOTED_INCLUDE_IN_FRAMEWORK_HEADER = YES;
				CLANG_WARN_RANGE_LOOP_ANALYSIS = YES;
				CLANG_WARN_STRICT_PROTOTYPES = YES;
				CLANG_WARN_SUSPICIOUS_MOVE = YES;
				CLANG_WARN_UNGUARDED_AVAILABILITY = YES_AGGRESSIVE;
				CLANG_WARN_UNREACHABLE_CODE = YES;
				CLANG_WARN__DUPLICATE_METHOD_MATCH = YES;
				COPY_PHASE_STRIP = NO;
				DEBUG_INFORMATION_FORMAT = "dwarf-with-dsym";
				ENABLE_NS_ASSERTIONS = NO;
				ENABLE_STRICT_OBJC_MSGSEND = YES;
				GCC_C_LANGUAGE_STANDARD = gnu11;
				GCC_NO_COMMON_BLOCKS = YES;
				GCC_WARN_64_TO_32_BIT_CONVERSION = YES;
				GCC_WARN_ABOUT_RETURN_TYPE = YES_ERROR;
				GCC_WARN_UNDECLARED_SELECTOR = YES;
				GCC_WARN_UNINITIALIZED_AUTOS = YES_AGGRESSIVE;
				GCC_WARN_UNUSED_FUNCTION = YES;
				GCC_WARN_UNUSED_VARIABLE = YES;
				IPHONEOS_DEPLOYMENT_TARGET = 16.2;
				MTL_ENABLE_DEBUG_INFO = NO;
				MTL_FAST_MATH = YES;
				SDKROOT = iphoneos;
				SWIFT_COMPILATION_MODE = wholemodule;
				SWIFT_OPTIMIZATION_LEVEL = "-O";
				VALIDATE_PRODUCT = YES;
			};
			name = Release;
		};
		9A9C1C8129EFEC10002E972A /* Debug */ = {
			isa = XCBuildConfiguration;
			buildSettings = {
				ASSETCATALOG_COMPILER_APPICON_NAME = AppIcon;
				ASSETCATALOG_COMPILER_GLOBAL_ACCENT_COLOR_NAME = AccentColor;
				CODE_SIGN_STYLE = Automatic;
				CURRENT_PROJECT_VERSION = 1;
				DEVELOPMENT_TEAM = 7B8C9UPQZ8;
				FRAMEWORK_SEARCH_PATHS = (
					"$(inherited)",
					"$(PROJECT_DIR)/smallCloud-iOS/DaumMap.embeddedframework",
				);
				GENERATE_INFOPLIST_FILE = YES;
				INFOPLIST_FILE = "smallCloud-iOS/Info.plist";
				INFOPLIST_KEY_UIApplicationSupportsIndirectInputEvents = YES;
				INFOPLIST_KEY_UILaunchStoryboardName = LaunchScreen;
				INFOPLIST_KEY_UIMainStoryboardFile = Main;
				INFOPLIST_KEY_UISupportedInterfaceOrientations_iPad = "UIInterfaceOrientationPortrait UIInterfaceOrientationPortraitUpsideDown UIInterfaceOrientationLandscapeLeft UIInterfaceOrientationLandscapeRight";
				INFOPLIST_KEY_UISupportedInterfaceOrientations_iPhone = "UIInterfaceOrientationPortrait UIInterfaceOrientationLandscapeLeft UIInterfaceOrientationLandscapeRight";
				LD_RUNPATH_SEARCH_PATHS = (
					"$(inherited)",
					"@executable_path/Frameworks",
				);
				MARKETING_VERSION = 1.0;
				PRODUCT_BUNDLE_IDENTIFIER = "kr.smallCloud.smallCloud-iOS";
				PRODUCT_NAME = "$(TARGET_NAME)";
				SWIFT_EMIT_LOC_STRINGS = YES;
				SWIFT_VERSION = 5.0;
				TARGETED_DEVICE_FAMILY = "1,2";
			};
			name = Debug;
		};
		9A9C1C8229EFEC10002E972A /* Release */ = {
			isa = XCBuildConfiguration;
			buildSettings = {
				ASSETCATALOG_COMPILER_APPICON_NAME = AppIcon;
				ASSETCATALOG_COMPILER_GLOBAL_ACCENT_COLOR_NAME = AccentColor;
				CODE_SIGN_STYLE = Automatic;
				CURRENT_PROJECT_VERSION = 1;
				DEVELOPMENT_TEAM = 7B8C9UPQZ8;
				FRAMEWORK_SEARCH_PATHS = (
					"$(inherited)",
					"$(PROJECT_DIR)/smallCloud-iOS/DaumMap.embeddedframework",
				);
				GENERATE_INFOPLIST_FILE = YES;
				INFOPLIST_FILE = "smallCloud-iOS/Info.plist";
				INFOPLIST_KEY_UIApplicationSupportsIndirectInputEvents = YES;
				INFOPLIST_KEY_UILaunchStoryboardName = LaunchScreen;
				INFOPLIST_KEY_UIMainStoryboardFile = Main;
				INFOPLIST_KEY_UISupportedInterfaceOrientations_iPad = "UIInterfaceOrientationPortrait UIInterfaceOrientationPortraitUpsideDown UIInterfaceOrientationLandscapeLeft UIInterfaceOrientationLandscapeRight";
				INFOPLIST_KEY_UISupportedInterfaceOrientations_iPhone = "UIInterfaceOrientationPortrait UIInterfaceOrientationLandscapeLeft UIInterfaceOrientationLandscapeRight";
				LD_RUNPATH_SEARCH_PATHS = (
					"$(inherited)",
					"@executable_path/Frameworks",
				);
				MARKETING_VERSION = 1.0;
				PRODUCT_BUNDLE_IDENTIFIER = "kr.smallCloud.smallCloud-iOS";
				PRODUCT_NAME = "$(TARGET_NAME)";
				SWIFT_EMIT_LOC_STRINGS = YES;
				SWIFT_VERSION = 5.0;
				TARGETED_DEVICE_FAMILY = "1,2";
			};
			name = Release;
		};
/* End XCBuildConfiguration section */

/* Begin XCConfigurationList section */
		9A9C1C6729EFEC0F002E972A /* Build configuration list for PBXProject "smallCloud-iOS" */ = {
			isa = XCConfigurationList;
			buildConfigurations = (
				9A9C1C7E29EFEC10002E972A /* Debug */,
				9A9C1C7F29EFEC10002E972A /* Release */,
			);
			defaultConfigurationIsVisible = 0;
			defaultConfigurationName = Release;
		};
		9A9C1C8029EFEC10002E972A /* Build configuration list for PBXNativeTarget "smallCloud-iOS" */ = {
			isa = XCConfigurationList;
			buildConfigurations = (
				9A9C1C8129EFEC10002E972A /* Debug */,
				9A9C1C8229EFEC10002E972A /* Release */,
			);
			defaultConfigurationIsVisible = 0;
			defaultConfigurationName = Release;
		};
/* End XCConfigurationList section */
	};
	rootObject = 9A9C1C6429EFEC0F002E972A /* Project object */;
}
