// !$*UTF8*$!
{
	archiveVersion = 1;
	classes = {
	};
	objectVersion = 56;
	objects = {

/* Begin PBXBuildFile section */
		9A24D6C32A1F3A33006759E3 /* LoginSB.storyboard in Resources */ = {isa = PBXBuildFile; fileRef = 9A24D6C22A1F3A33006759E3 /* LoginSB.storyboard */; };
		9A24D6C62A1F3ACD006759E3 /* Lottie in Frameworks */ = {isa = PBXBuildFile; productRef = 9A24D6C52A1F3ACD006759E3 /* Lottie */; };
		9A24D6C82A1F3B4F006759E3 /* LoginMainVC.swift in Sources */ = {isa = PBXBuildFile; fileRef = 9A24D6C72A1F3B4F006759E3 /* LoginMainVC.swift */; };
		9A24D6CD2A1F4830006759E3 /* catAndWire.json in Resources */ = {isa = PBXBuildFile; fileRef = 9A24D6CC2A1F4830006759E3 /* catAndWire.json */; };
		9A24D6D12A20A7B0006759E3 /* loading-burst.json in Resources */ = {isa = PBXBuildFile; fileRef = 9A24D6D02A20A7AF006759E3 /* loading-burst.json */; };
		9A3332232A27481C0057215A /* Data.xcdatamodeld in Sources */ = {isa = PBXBuildFile; fileRef = 9A3332212A27481C0057215A /* Data.xcdatamodeld */; };
		9A3332252A28A6A60057215A /* userInfo.swift in Sources */ = {isa = PBXBuildFile; fileRef = 9A3332242A28A6A60057215A /* userInfo.swift */; };
		9A492DF22A265A8600836814 /* LoginVC.swift in Sources */ = {isa = PBXBuildFile; fileRef = 9A492DF12A265A8600836814 /* LoginVC.swift */; };
		9A9C1C7029EFEC0F002E972A /* AppDelegate.swift in Sources */ = {isa = PBXBuildFile; fileRef = 9A9C1C6F29EFEC0F002E972A /* AppDelegate.swift */; };
		9A9C1C7229EFEC0F002E972A /* SceneDelegate.swift in Sources */ = {isa = PBXBuildFile; fileRef = 9A9C1C7129EFEC0F002E972A /* SceneDelegate.swift */; };
		9A9C1C7429EFEC0F002E972A /* ViewController.swift in Sources */ = {isa = PBXBuildFile; fileRef = 9A9C1C7329EFEC0F002E972A /* ViewController.swift */; };
		9A9C1C7729EFEC0F002E972A /* Main.storyboard in Resources */ = {isa = PBXBuildFile; fileRef = 9A9C1C7529EFEC0F002E972A /* Main.storyboard */; };
		9A9C1C7929EFEC10002E972A /* Assets.xcassets in Resources */ = {isa = PBXBuildFile; fileRef = 9A9C1C7829EFEC10002E972A /* Assets.xcassets */; };
		9A9C1C7C29EFEC10002E972A /* LaunchScreen.storyboard in Resources */ = {isa = PBXBuildFile; fileRef = 9A9C1C7A29EFEC10002E972A /* LaunchScreen.storyboard */; };
		9AC0C5932A24D6F800ECA612 /* RegisterVC.swift in Sources */ = {isa = PBXBuildFile; fileRef = 9AC0C5922A24D6F800ECA612 /* RegisterVC.swift */; };
		9AC0C5952A24D72800ECA612 /* FieldAnimation.swift in Sources */ = {isa = PBXBuildFile; fileRef = 9AC0C5942A24D72800ECA612 /* FieldAnimation.swift */; };
/* End PBXBuildFile section */

/* Begin PBXFileReference section */
		9A24D6C22A1F3A33006759E3 /* LoginSB.storyboard */ = {isa = PBXFileReference; lastKnownFileType = file.storyboard; path = LoginSB.storyboard; sourceTree = "<group>"; };
		9A24D6C72A1F3B4F006759E3 /* LoginMainVC.swift */ = {isa = PBXFileReference; lastKnownFileType = sourcecode.swift; path = LoginMainVC.swift; sourceTree = "<group>"; };
		9A24D6CC2A1F4830006759E3 /* catAndWire.json */ = {isa = PBXFileReference; fileEncoding = 4; lastKnownFileType = text.json; path = catAndWire.json; sourceTree = "<group>"; };
		9A24D6D02A20A7AF006759E3 /* loading-burst.json */ = {isa = PBXFileReference; fileEncoding = 4; lastKnownFileType = text.json; path = "loading-burst.json"; sourceTree = "<group>"; };
		9A3332222A27481C0057215A /* userInfo.xcdatamodel */ = {isa = PBXFileReference; lastKnownFileType = wrapper.xcdatamodel; path = userInfo.xcdatamodel; sourceTree = "<group>"; };
		9A3332242A28A6A60057215A /* userInfo.swift */ = {isa = PBXFileReference; lastKnownFileType = sourcecode.swift; path = userInfo.swift; sourceTree = "<group>"; };
		9A492DF12A265A8600836814 /* LoginVC.swift */ = {isa = PBXFileReference; lastKnownFileType = sourcecode.swift; path = LoginVC.swift; sourceTree = "<group>"; };
		9A9C1C6C29EFEC0F002E972A /* smallCloud-iOS.app */ = {isa = PBXFileReference; explicitFileType = wrapper.application; includeInIndex = 0; path = "smallCloud-iOS.app"; sourceTree = BUILT_PRODUCTS_DIR; };
		9A9C1C6F29EFEC0F002E972A /* AppDelegate.swift */ = {isa = PBXFileReference; lastKnownFileType = sourcecode.swift; path = AppDelegate.swift; sourceTree = "<group>"; };
		9A9C1C7129EFEC0F002E972A /* SceneDelegate.swift */ = {isa = PBXFileReference; lastKnownFileType = sourcecode.swift; path = SceneDelegate.swift; sourceTree = "<group>"; };
		9A9C1C7329EFEC0F002E972A /* ViewController.swift */ = {isa = PBXFileReference; lastKnownFileType = sourcecode.swift; path = ViewController.swift; sourceTree = "<group>"; };
		9A9C1C7629EFEC0F002E972A /* Base */ = {isa = PBXFileReference; lastKnownFileType = file.storyboard; name = Base; path = Base.lproj/Main.storyboard; sourceTree = "<group>"; };
		9A9C1C7829EFEC10002E972A /* Assets.xcassets */ = {isa = PBXFileReference; lastKnownFileType = folder.assetcatalog; path = Assets.xcassets; sourceTree = "<group>"; };
		9A9C1C7B29EFEC10002E972A /* Base */ = {isa = PBXFileReference; lastKnownFileType = file.storyboard; name = Base; path = Base.lproj/LaunchScreen.storyboard; sourceTree = "<group>"; };
		9A9C1C7D29EFEC10002E972A /* Info.plist */ = {isa = PBXFileReference; lastKnownFileType = text.plist.xml; path = Info.plist; sourceTree = "<group>"; };
		9AC0C5922A24D6F800ECA612 /* RegisterVC.swift */ = {isa = PBXFileReference; lastKnownFileType = sourcecode.swift; path = RegisterVC.swift; sourceTree = "<group>"; };
		9AC0C5942A24D72800ECA612 /* FieldAnimation.swift */ = {isa = PBXFileReference; lastKnownFileType = sourcecode.swift; path = FieldAnimation.swift; sourceTree = "<group>"; };
/* End PBXFileReference section */

/* Begin PBXFrameworksBuildPhase section */
		9A9C1C6929EFEC0F002E972A /* Frameworks */ = {
			isa = PBXFrameworksBuildPhase;
			buildActionMask = 2147483647;
			files = (
				9A24D6C62A1F3ACD006759E3 /* Lottie in Frameworks */,
			);
			runOnlyForDeploymentPostprocessing = 0;
		};
/* End PBXFrameworksBuildPhase section */

/* Begin PBXGroup section */
		9A24D6CB2A1F4442006759E3 /* Resource */ = {
			isa = PBXGroup;
			children = (
				9A24D6D02A20A7AF006759E3 /* loading-burst.json */,
				9A24D6CC2A1F4830006759E3 /* catAndWire.json */,
			);
			path = Resource;
			sourceTree = "<group>";
		};
		9A9C1C6329EFEC0F002E972A = {
			isa = PBXGroup;
			children = (
				9A9C1C6E29EFEC0F002E972A /* smallCloud-iOS */,
				9A9C1C6D29EFEC0F002E972A /* Products */,
			);
			sourceTree = "<group>";
		};
		9A9C1C6D29EFEC0F002E972A /* Products */ = {
			isa = PBXGroup;
			children = (
				9A9C1C6C29EFEC0F002E972A /* smallCloud-iOS.app */,
			);
			name = Products;
			sourceTree = "<group>";
		};
		9A9C1C6E29EFEC0F002E972A /* smallCloud-iOS */ = {
			isa = PBXGroup;
			children = (
				9A24D6CB2A1F4442006759E3 /* Resource */,
				9A9C1C6F29EFEC0F002E972A /* AppDelegate.swift */,
				9A9C1C7129EFEC0F002E972A /* SceneDelegate.swift */,
				9A9C1C7329EFEC0F002E972A /* ViewController.swift */,
				9A24D6C72A1F3B4F006759E3 /* LoginMainVC.swift */,
				9AC0C5922A24D6F800ECA612 /* RegisterVC.swift */,
				9A492DF12A265A8600836814 /* LoginVC.swift */,
				9A3332242A28A6A60057215A /* userInfo.swift */,
				9AC0C5942A24D72800ECA612 /* FieldAnimation.swift */,
				9A24D6C22A1F3A33006759E3 /* LoginSB.storyboard */,
				9A9C1C7529EFEC0F002E972A /* Main.storyboard */,
				9A9C1C7829EFEC10002E972A /* Assets.xcassets */,
				9A9C1C7A29EFEC10002E972A /* LaunchScreen.storyboard */,
				9A3332212A27481C0057215A /* Data.xcdatamodeld */,
				9A9C1C7D29EFEC10002E972A /* Info.plist */,
			);
			path = "smallCloud-iOS";
			sourceTree = "<group>";
		};
/* End PBXGroup section */

/* Begin PBXNativeTarget section */
		9A9C1C6B29EFEC0F002E972A /* smallCloud-iOS */ = {
			isa = PBXNativeTarget;
			buildConfigurationList = 9A9C1C8029EFEC10002E972A /* Build configuration list for PBXNativeTarget "smallCloud-iOS" */;
			buildPhases = (
				9A9C1C6829EFEC0F002E972A /* Sources */,
				9A9C1C6929EFEC0F002E972A /* Frameworks */,
				9A9C1C6A29EFEC0F002E972A /* Resources */,
			);
			buildRules = (
			);
			dependencies = (
			);
			name = "smallCloud-iOS";
			packageProductDependencies = (
				9A24D6C52A1F3ACD006759E3 /* Lottie */,
			);
			productName = "smallCloud-iOS";
			productReference = 9A9C1C6C29EFEC0F002E972A /* smallCloud-iOS.app */;
			productType = "com.apple.product-type.application";
		};
/* End PBXNativeTarget section */

/* Begin PBXProject section */
		9A9C1C6429EFEC0F002E972A /* Project object */ = {
			isa = PBXProject;
			attributes = {
				BuildIndependentTargetsInParallel = 1;
				LastSwiftUpdateCheck = 1420;
				LastUpgradeCheck = 1420;
				TargetAttributes = {
					9A9C1C6B29EFEC0F002E972A = {
						CreatedOnToolsVersion = 14.2;
					};
				};
			};
			buildConfigurationList = 9A9C1C6729EFEC0F002E972A /* Build configuration list for PBXProject "smallCloud-iOS" */;
			compatibilityVersion = "Xcode 14.0";
			developmentRegion = en;
			hasScannedForEncodings = 0;
			knownRegions = (
				en,
				Base,
			);
			mainGroup = 9A9C1C6329EFEC0F002E972A;
			packageReferences = (
				9A24D6C42A1F3ACD006759E3 /* XCRemoteSwiftPackageReference "lottie-ios" */,
			);
			productRefGroup = 9A9C1C6D29EFEC0F002E972A /* Products */;
			projectDirPath = "";
			projectRoot = "";
			targets = (
				9A9C1C6B29EFEC0F002E972A /* smallCloud-iOS */,
			);
		};
/* End PBXProject section */

/* Begin PBXResourcesBuildPhase section */
		9A9C1C6A29EFEC0F002E972A /* Resources */ = {
			isa = PBXResourcesBuildPhase;
			buildActionMask = 2147483647;
			files = (
				9A24D6D12A20A7B0006759E3 /* loading-burst.json in Resources */,
				9A9C1C7C29EFEC10002E972A /* LaunchScreen.storyboard in Resources */,
				9A9C1C7929EFEC10002E972A /* Assets.xcassets in Resources */,
				9A24D6CD2A1F4830006759E3 /* catAndWire.json in Resources */,
				9A9C1C7729EFEC0F002E972A /* Main.storyboard in Resources */,
				9A24D6C32A1F3A33006759E3 /* LoginSB.storyboard in Resources */,
			);
			runOnlyForDeploymentPostprocessing = 0;
		};
/* End PBXResourcesBuildPhase section */

/* Begin PBXSourcesBuildPhase section */
		9A9C1C6829EFEC0F002E972A /* Sources */ = {
			isa = PBXSourcesBuildPhase;
			buildActionMask = 2147483647;
			files = (
				9A3332232A27481C0057215A /* Data.xcdatamodeld in Sources */,
				9A9C1C7429EFEC0F002E972A /* ViewController.swift in Sources */,
				9A9C1C7029EFEC0F002E972A /* AppDelegate.swift in Sources */,
				9A492DF22A265A8600836814 /* LoginVC.swift in Sources */,
				9A9C1C7229EFEC0F002E972A /* SceneDelegate.swift in Sources */,
				9AC0C5952A24D72800ECA612 /* FieldAnimation.swift in Sources */,
				9A3332252A28A6A60057215A /* userInfo.swift in Sources */,
				9AC0C5932A24D6F800ECA612 /* RegisterVC.swift in Sources */,
				9A24D6C82A1F3B4F006759E3 /* LoginMainVC.swift in Sources */,
			);
			runOnlyForDeploymentPostprocessing = 0;
		};
/* End PBXSourcesBuildPhase section */

/* Begin PBXVariantGroup section */
		9A9C1C7529EFEC0F002E972A /* Main.storyboard */ = {
			isa = PBXVariantGroup;
			children = (
				9A9C1C7629EFEC0F002E972A /* Base */,
			);
			name = Main.storyboard;
			sourceTree = "<group>";
		};
		9A9C1C7A29EFEC10002E972A /* LaunchScreen.storyboard */ = {
			isa = PBXVariantGroup;
			children = (
				9A9C1C7B29EFEC10002E972A /* Base */,
			);
			name = LaunchScreen.storyboard;
			sourceTree = "<group>";
		};
/* End PBXVariantGroup section */

/* Begin XCBuildConfiguration section */
		9A9C1C7E29EFEC10002E972A /* Debug */ = {
			isa = XCBuildConfiguration;
			buildSettings = {
				ALWAYS_SEARCH_USER_PATHS = NO;
				CLANG_ANALYZER_NONNULL = YES;
				CLANG_ANALYZER_NUMBER_OBJECT_CONVERSION = YES_AGGRESSIVE;
				CLANG_CXX_LANGUAGE_STANDARD = "gnu++20";
				CLANG_ENABLE_MODULES = YES;
				CLANG_ENABLE_OBJC_ARC = YES;
				CLANG_ENABLE_OBJC_WEAK = YES;
				CLANG_WARN_BLOCK_CAPTURE_AUTORELEASING = YES;
				CLANG_WARN_BOOL_CONVERSION = YES;
				CLANG_WARN_COMMA = YES;
				CLANG_WARN_CONSTANT_CONVERSION = YES;
				CLANG_WARN_DEPRECATED_OBJC_IMPLEMENTATIONS = YES;
				CLANG_WARN_DIRECT_OBJC_ISA_USAGE = YES_ERROR;
				CLANG_WARN_DOCUMENTATION_COMMENTS = YES;
				CLANG_WARN_EMPTY_BODY = YES;
				CLANG_WARN_ENUM_CONVERSION = YES;
				CLANG_WARN_INFINITE_RECURSION = YES;
				CLANG_WARN_INT_CONVERSION = YES;
				CLANG_WARN_NON_LITERAL_NULL_CONVERSION = YES;
				CLANG_WARN_OBJC_IMPLICIT_RETAIN_SELF = YES;
				CLANG_WARN_OBJC_LITERAL_CONVERSION = YES;
				CLANG_WARN_OBJC_ROOT_CLASS = YES_ERROR;
				CLANG_WARN_QUOTED_INCLUDE_IN_FRAMEWORK_HEADER = YES;
				CLANG_WARN_RANGE_LOOP_ANALYSIS = YES;
				CLANG_WARN_STRICT_PROTOTYPES = YES;
				CLANG_WARN_SUSPICIOUS_MOVE = YES;
				CLANG_WARN_UNGUARDED_AVAILABILITY = YES_AGGRESSIVE;
				CLANG_WARN_UNREACHABLE_CODE = YES;
				CLANG_WARN__DUPLICATE_METHOD_MATCH = YES;
				COPY_PHASE_STRIP = NO;
				DEBUG_INFORMATION_FORMAT = dwarf;
				ENABLE_STRICT_OBJC_MSGSEND = YES;
				ENABLE_TESTABILITY = YES;
				GCC_C_LANGUAGE_STANDARD = gnu11;
				GCC_DYNAMIC_NO_PIC = NO;
				GCC_NO_COMMON_BLOCKS = YES;
				GCC_OPTIMIZATION_LEVEL = 0;
				GCC_PREPROCESSOR_DEFINITIONS = (
					"DEBUG=1",
					"$(inherited)",
				);
				GCC_WARN_64_TO_32_BIT_CONVERSION = YES;
				GCC_WARN_ABOUT_RETURN_TYPE = YES_ERROR;
				GCC_WARN_UNDECLARED_SELECTOR = YES;
				GCC_WARN_UNINITIALIZED_AUTOS = YES_AGGRESSIVE;
				GCC_WARN_UNUSED_FUNCTION = YES;
				GCC_WARN_UNUSED_VARIABLE = YES;
				IPHONEOS_DEPLOYMENT_TARGET = 16.2;
				MTL_ENABLE_DEBUG_INFO = INCLUDE_SOURCE;
				MTL_FAST_MATH = YES;
				ONLY_ACTIVE_ARCH = YES;
				SDKROOT = iphoneos;
				SWIFT_ACTIVE_COMPILATION_CONDITIONS = DEBUG;
				SWIFT_OPTIMIZATION_LEVEL = "-Onone";
			};
			name = Debug;
		};
		9A9C1C7F29EFEC10002E972A /* Release */ = {
			isa = XCBuildConfiguration;
			buildSettings = {
				ALWAYS_SEARCH_USER_PATHS = NO;
				CLANG_ANALYZER_NONNULL = YES;
				CLANG_ANALYZER_NUMBER_OBJECT_CONVERSION = YES_AGGRESSIVE;
				CLANG_CXX_LANGUAGE_STANDARD = "gnu++20";
				CLANG_ENABLE_MODULES = YES;
				CLANG_ENABLE_OBJC_ARC = YES;
				CLANG_ENABLE_OBJC_WEAK = YES;
				CLANG_WARN_BLOCK_CAPTURE_AUTORELEASING = YES;
				CLANG_WARN_BOOL_CONVERSION = YES;
				CLANG_WARN_COMMA = YES;
				CLANG_WARN_CONSTANT_CONVERSION = YES;
				CLANG_WARN_DEPRECATED_OBJC_IMPLEMENTATIONS = YES;
				CLANG_WARN_DIRECT_OBJC_ISA_USAGE = YES_ERROR;
				CLANG_WARN_DOCUMENTATION_COMMENTS = YES;
				CLANG_WARN_EMPTY_BODY = YES;
				CLANG_WARN_ENUM_CONVERSION = YES;
				CLANG_WARN_INFINITE_RECURSION = YES;
				CLANG_WARN_INT_CONVERSION = YES;
				CLANG_WARN_NON_LITERAL_NULL_CONVERSION = YES;
				CLANG_WARN_OBJC_IMPLICIT_RETAIN_SELF = YES;
				CLANG_WARN_OBJC_LITERAL_CONVERSION = YES;
				CLANG_WARN_OBJC_ROOT_CLASS = YES_ERROR;
				CLANG_WARN_QUOTED_INCLUDE_IN_FRAMEWORK_HEADER = YES;
				CLANG_WARN_RANGE_LOOP_ANALYSIS = YES;
				CLANG_WARN_STRICT_PROTOTYPES = YES;
				CLANG_WARN_SUSPICIOUS_MOVE = YES;
				CLANG_WARN_UNGUARDED_AVAILABILITY = YES_AGGRESSIVE;
				CLANG_WARN_UNREACHABLE_CODE = YES;
				CLANG_WARN__DUPLICATE_METHOD_MATCH = YES;
				COPY_PHASE_STRIP = NO;
				DEBUG_INFORMATION_FORMAT = "dwarf-with-dsym";
				ENABLE_NS_ASSERTIONS = NO;
				ENABLE_STRICT_OBJC_MSGSEND = YES;
				GCC_C_LANGUAGE_STANDARD = gnu11;
				GCC_NO_COMMON_BLOCKS = YES;
				GCC_WARN_64_TO_32_BIT_CONVERSION = YES;
				GCC_WARN_ABOUT_RETURN_TYPE = YES_ERROR;
				GCC_WARN_UNDECLARED_SELECTOR = YES;
				GCC_WARN_UNINITIALIZED_AUTOS = YES_AGGRESSIVE;
				GCC_WARN_UNUSED_FUNCTION = YES;
				GCC_WARN_UNUSED_VARIABLE = YES;
				IPHONEOS_DEPLOYMENT_TARGET = 16.2;
				MTL_ENABLE_DEBUG_INFO = NO;
				MTL_FAST_MATH = YES;
				SDKROOT = iphoneos;
				SWIFT_COMPILATION_MODE = wholemodule;
				SWIFT_OPTIMIZATION_LEVEL = "-O";
				VALIDATE_PRODUCT = YES;
			};
			name = Release;
		};
		9A9C1C8129EFEC10002E972A /* Debug */ = {
			isa = XCBuildConfiguration;
			buildSettings = {
				ASSETCATALOG_COMPILER_APPICON_NAME = AppIcon;
				ASSETCATALOG_COMPILER_GLOBAL_ACCENT_COLOR_NAME = AccentColor;
				CODE_SIGN_STYLE = Automatic;
				CURRENT_PROJECT_VERSION = 1;
				DEVELOPMENT_TEAM = WCTHZ894XR;
				GENERATE_INFOPLIST_FILE = YES;
				INFOPLIST_FILE = "smallCloud-iOS/Info.plist";
				INFOPLIST_KEY_UIApplicationSupportsIndirectInputEvents = YES;
				INFOPLIST_KEY_UILaunchStoryboardName = LaunchScreen;
				INFOPLIST_KEY_UIMainStoryboardFile = Main;
				INFOPLIST_KEY_UISupportedInterfaceOrientations_iPad = "UIInterfaceOrientationPortrait UIInterfaceOrientationPortraitUpsideDown UIInterfaceOrientationLandscapeLeft UIInterfaceOrientationLandscapeRight";
				INFOPLIST_KEY_UISupportedInterfaceOrientations_iPhone = "UIInterfaceOrientationPortrait UIInterfaceOrientationLandscapeLeft UIInterfaceOrientationLandscapeRight";
				LD_RUNPATH_SEARCH_PATHS = (
					"$(inherited)",
					"@executable_path/Frameworks",
				);
				MARKETING_VERSION = 1.0;
				PRODUCT_BUNDLE_IDENTIFIER = "kr.smallCloud.smallCloud-iOS";
				PRODUCT_NAME = "$(TARGET_NAME)";
				SWIFT_EMIT_LOC_STRINGS = YES;
				SWIFT_VERSION = 5.0;
				TARGETED_DEVICE_FAMILY = "1,2";
			};
			name = Debug;
		};
		9A9C1C8229EFEC10002E972A /* Release */ = {
			isa = XCBuildConfiguration;
			buildSettings = {
				ASSETCATALOG_COMPILER_APPICON_NAME = AppIcon;
				ASSETCATALOG_COMPILER_GLOBAL_ACCENT_COLOR_NAME = AccentColor;
				CODE_SIGN_STYLE = Automatic;
				CURRENT_PROJECT_VERSION = 1;
				DEVELOPMENT_TEAM = WCTHZ894XR;
				GENERATE_INFOPLIST_FILE = YES;
				INFOPLIST_FILE = "smallCloud-iOS/Info.plist";
				INFOPLIST_KEY_UIApplicationSupportsIndirectInputEvents = YES;
				INFOPLIST_KEY_UILaunchStoryboardName = LaunchScreen;
				INFOPLIST_KEY_UIMainStoryboardFile = Main;
				INFOPLIST_KEY_UISupportedInterfaceOrientations_iPad = "UIInterfaceOrientationPortrait UIInterfaceOrientationPortraitUpsideDown UIInterfaceOrientationLandscapeLeft UIInterfaceOrientationLandscapeRight";
				INFOPLIST_KEY_UISupportedInterfaceOrientations_iPhone = "UIInterfaceOrientationPortrait UIInterfaceOrientationLandscapeLeft UIInterfaceOrientationLandscapeRight";
				LD_RUNPATH_SEARCH_PATHS = (
					"$(inherited)",
					"@executable_path/Frameworks",
				);
				MARKETING_VERSION = 1.0;
				PRODUCT_BUNDLE_IDENTIFIER = "kr.smallCloud.smallCloud-iOS";
				PRODUCT_NAME = "$(TARGET_NAME)";
				SWIFT_EMIT_LOC_STRINGS = YES;
				SWIFT_VERSION = 5.0;
				TARGETED_DEVICE_FAMILY = "1,2";
			};
			name = Release;
		};
/* End XCBuildConfiguration section */

/* Begin XCConfigurationList section */
		9A9C1C6729EFEC0F002E972A /* Build configuration list for PBXProject "smallCloud-iOS" */ = {
			isa = XCConfigurationList;
			buildConfigurations = (
				9A9C1C7E29EFEC10002E972A /* Debug */,
				9A9C1C7F29EFEC10002E972A /* Release */,
			);
			defaultConfigurationIsVisible = 0;
			defaultConfigurationName = Release;
		};
		9A9C1C8029EFEC10002E972A /* Build configuration list for PBXNativeTarget "smallCloud-iOS" */ = {
			isa = XCConfigurationList;
			buildConfigurations = (
				9A9C1C8129EFEC10002E972A /* Debug */,
				9A9C1C8229EFEC10002E972A /* Release */,
			);
			defaultConfigurationIsVisible = 0;
			defaultConfigurationName = Release;
		};
/* End XCConfigurationList section */

/* Begin XCRemoteSwiftPackageReference section */
		9A24D6C42A1F3ACD006759E3 /* XCRemoteSwiftPackageReference "lottie-ios" */ = {
			isa = XCRemoteSwiftPackageReference;
			repositoryURL = "https://github.com/airbnb/lottie-ios";
			requirement = {
				branch = master;
				kind = branch;
			};
		};
/* End XCRemoteSwiftPackageReference section */

/* Begin XCSwiftPackageProductDependency section */
		9A24D6C52A1F3ACD006759E3 /* Lottie */ = {
			isa = XCSwiftPackageProductDependency;
			package = 9A24D6C42A1F3ACD006759E3 /* XCRemoteSwiftPackageReference "lottie-ios" */;
			productName = Lottie;
		};
/* End XCSwiftPackageProductDependency section */

/* Begin XCVersionGroup section */
		9A3332212A27481C0057215A /* Data.xcdatamodeld */ = {
			isa = XCVersionGroup;
			children = (
				9A3332222A27481C0057215A /* userInfo.xcdatamodel */,
			);
			currentVersion = 9A3332222A27481C0057215A /* userInfo.xcdatamodel */;
			path = Data.xcdatamodeld;
			sourceTree = "<group>";
			versionGroupType = wrapper.xcdatamodel;
		};
/* End XCVersionGroup section */
	};
	rootObject = 9A9C1C6429EFEC0F002E972A /* Project object */;
}
